// !$*UTF8*$!
{
	archiveVersion = 1;
	classes = {
	};
	objectVersion = 50;
	objects = {

/* Begin PBXBuildFile section */
		E348BB912184869700A905F0 /* Localizable.swift in Sources */ = {isa = PBXBuildFile; fileRef = E348BB902184869700A905F0 /* Localizable.swift */; };
		E348BB942184881700A905F0 /* Localizable.strings in Resources */ = {isa = PBXBuildFile; fileRef = E348BB962184881700A905F0 /* Localizable.strings */; };
		E386AE2C217E351D009A8BF7 /* AlertManagment.swift in Sources */ = {isa = PBXBuildFile; fileRef = E386AE2B217E351D009A8BF7 /* AlertManagment.swift */; };
		E386AE30217E45D6009A8BF7 /* NotificationManager.swift in Sources */ = {isa = PBXBuildFile; fileRef = E386AE2F217E45D6009A8BF7 /* NotificationManager.swift */; };
		E386AE38217E5393009A8BF7 /* NotificationService.swift in Sources */ = {isa = PBXBuildFile; fileRef = E386AE37217E5393009A8BF7 /* NotificationService.swift */; };
		E386AE3C217E5393009A8BF7 /* NotificationService.appex in Embed App Extensions */ = {isa = PBXBuildFile; fileRef = E386AE35217E5393009A8BF7 /* NotificationService.appex */; settings = {ATTRIBUTES = (RemoveHeadersOnCopy, ); }; };
		E386AE42217E6386009A8BF7 /* ADFaceComponents.swift in Sources */ = {isa = PBXBuildFile; fileRef = E3AB050C217623A400B80D74 /* ADFaceComponents.swift */; };
		E386AE43217E6386009A8BF7 /* ADAvatar.swift in Sources */ = {isa = PBXBuildFile; fileRef = E3AB0516217659F700B80D74 /* ADAvatar.swift */; };
		E386AE44217E6386009A8BF7 /* String+sub.swift in Sources */ = {isa = PBXBuildFile; fileRef = E3AB05182176687700B80D74 /* String+sub.swift */; };
		E386AE45217E6386009A8BF7 /* UIColor+hexa.swift in Sources */ = {isa = PBXBuildFile; fileRef = E3AB052F2177BD4400B80D74 /* UIColor+hexa.swift */; };
		E386AE46217E6386009A8BF7 /* ADWrapper.swift in Sources */ = {isa = PBXBuildFile; fileRef = E3AB050921761C2400B80D74 /* ADWrapper.swift */; };
		E386AE47217E6386009A8BF7 /* ADDelegate.swift in Sources */ = {isa = PBXBuildFile; fileRef = E3AB050E2176310800B80D74 /* ADDelegate.swift */; };
		E386AE48217E68CE009A8BF7 /* FileManager+avatarManager.swift in Sources */ = {isa = PBXBuildFile; fileRef = E3AB05342177E75A00B80D74 /* FileManager+avatarManager.swift */; };
		E386AE4C217F6280009A8BF7 /* ActionID.swift in Sources */ = {isa = PBXBuildFile; fileRef = E386AE4B217F6280009A8BF7 /* ActionID.swift */; };
		E386AE4E217F629B009A8BF7 /* CategoryID.swift in Sources */ = {isa = PBXBuildFile; fileRef = E386AE4D217F629B009A8BF7 /* CategoryID.swift */; };
		E386AE50217FA0C3009A8BF7 /* UIImage+URL.swift in Sources */ = {isa = PBXBuildFile; fileRef = E386AE4F217FA0C3009A8BF7 /* UIImage+URL.swift */; };
		E386AE52217FA2AA009A8BF7 /* Array+findByAttachmentIdentifier.swift in Sources */ = {isa = PBXBuildFile; fileRef = E386AE51217FA2AA009A8BF7 /* Array+findByAttachmentIdentifier.swift */; };
		E386AE53217FDE08009A8BF7 /* UIImage+URL.swift in Sources */ = {isa = PBXBuildFile; fileRef = E386AE4F217FA0C3009A8BF7 /* UIImage+URL.swift */; };
		E386AE56218070D4009A8BF7 /* UIColor+rgbArray.swift in Sources */ = {isa = PBXBuildFile; fileRef = E386AE55218070D4009A8BF7 /* UIColor+rgbArray.swift */; };
		E386AE5721807161009A8BF7 /* PlistReader.swift in Sources */ = {isa = PBXBuildFile; fileRef = E3AB051C2177749B00B80D74 /* PlistReader.swift */; };
		E386AE5821807161009A8BF7 /* avatarColors.plist in Resources */ = {isa = PBXBuildFile; fileRef = E3AB051E2177750500B80D74 /* avatarColors.plist */; };
		E386AE5921807161009A8BF7 /* UIColor+rgbArray.swift in Sources */ = {isa = PBXBuildFile; fileRef = E386AE55218070D4009A8BF7 /* UIColor+rgbArray.swift */; };
		E386AE5B218096F0009A8BF7 /* PickerColor.swift in Sources */ = {isa = PBXBuildFile; fileRef = E386AE5A218096F0009A8BF7 /* PickerColor.swift */; };
		E386AE5D21809972009A8BF7 /* Array+pickerColor.swift in Sources */ = {isa = PBXBuildFile; fileRef = E386AE5C21809972009A8BF7 /* Array+pickerColor.swift */; };
		E386AE612180CA24009A8BF7 /* AvatarContainer.swift in Sources */ = {isa = PBXBuildFile; fileRef = E386AE602180CA24009A8BF7 /* AvatarContainer.swift */; };
		E386AE632180CB1A009A8BF7 /* Array+avatarContainerArray.swift in Sources */ = {isa = PBXBuildFile; fileRef = E386AE622180CB1A009A8BF7 /* Array+avatarContainerArray.swift */; };
		E386AE652180F0AB009A8BF7 /* UIImage+blurImage.swift in Sources */ = {isa = PBXBuildFile; fileRef = E386AE642180F0AB009A8BF7 /* UIImage+blurImage.swift */; };
		E386AE672181296B009A8BF7 /* UIBaseZibView.swift in Sources */ = {isa = PBXBuildFile; fileRef = E386AE662181296B009A8BF7 /* UIBaseZibView.swift */; };
		E386AE6A2181699C009A8BF7 /* UIRadiusSlider.swift in Sources */ = {isa = PBXBuildFile; fileRef = E386AE692181699C009A8BF7 /* UIRadiusSlider.swift */; };
		E3AB04D12176072E00B80D74 /* AppDelegate.swift in Sources */ = {isa = PBXBuildFile; fileRef = E3AB04D02176072E00B80D74 /* AppDelegate.swift */; };
		E3AB04D32176072E00B80D74 /* CreateAvatarViewController.swift in Sources */ = {isa = PBXBuildFile; fileRef = E3AB04D22176072E00B80D74 /* CreateAvatarViewController.swift */; };
		E3AB04D62176072E00B80D74 /* Main.storyboard in Resources */ = {isa = PBXBuildFile; fileRef = E3AB04D42176072E00B80D74 /* Main.storyboard */; };
		E3AB04D82176073000B80D74 /* Assets.xcassets in Resources */ = {isa = PBXBuildFile; fileRef = E3AB04D72176073000B80D74 /* Assets.xcassets */; };
		E3AB04DB2176073000B80D74 /* LaunchScreen.storyboard in Resources */ = {isa = PBXBuildFile; fileRef = E3AB04D92176073000B80D74 /* LaunchScreen.storyboard */; };
		E3AB04E62176073000B80D74 /* AdorableAvatarsTests.swift in Sources */ = {isa = PBXBuildFile; fileRef = E3AB04E52176073000B80D74 /* AdorableAvatarsTests.swift */; };
		E3AB04F12176073000B80D74 /* AdorableAvatarsUITests.swift in Sources */ = {isa = PBXBuildFile; fileRef = E3AB04F02176073000B80D74 /* AdorableAvatarsUITests.swift */; };
		E3AB050021760C0000B80D74 /* UIAvatarPicker.xib in Resources */ = {isa = PBXBuildFile; fileRef = E3AB04FF21760C0000B80D74 /* UIAvatarPicker.xib */; };
		E3AB050221760E1000B80D74 /* UIAvatarPicker.swift in Sources */ = {isa = PBXBuildFile; fileRef = E3AB050121760E1000B80D74 /* UIAvatarPicker.swift */; };
		E3AB0505217612BE00B80D74 /* APAvatarPickerDelegate.swift in Sources */ = {isa = PBXBuildFile; fileRef = E3AB0504217612BE00B80D74 /* APAvatarPickerDelegate.swift */; };
		E3AB050A21761C2400B80D74 /* ADWrapper.swift in Sources */ = {isa = PBXBuildFile; fileRef = E3AB050921761C2400B80D74 /* ADWrapper.swift */; };
		E3AB050D217623A400B80D74 /* ADFaceComponents.swift in Sources */ = {isa = PBXBuildFile; fileRef = E3AB050C217623A400B80D74 /* ADFaceComponents.swift */; };
		E3AB050F2176310800B80D74 /* ADDelegate.swift in Sources */ = {isa = PBXBuildFile; fileRef = E3AB050E2176310800B80D74 /* ADDelegate.swift */; };
		E3AB0511217633F700B80D74 /* APAvatarPickerDatasource.swift in Sources */ = {isa = PBXBuildFile; fileRef = E3AB0510217633F700B80D74 /* APAvatarPickerDatasource.swift */; };
		E3AB05132176410D00B80D74 /* APAvatarComponents.swift in Sources */ = {isa = PBXBuildFile; fileRef = E3AB05122176410D00B80D74 /* APAvatarComponents.swift */; };
		E3AB05152176457600B80D74 /* APAvatar.swift in Sources */ = {isa = PBXBuildFile; fileRef = E3AB05142176457600B80D74 /* APAvatar.swift */; };
		E3AB0517217659F700B80D74 /* ADAvatar.swift in Sources */ = {isa = PBXBuildFile; fileRef = E3AB0516217659F700B80D74 /* ADAvatar.swift */; };
		E3AB05192176687700B80D74 /* String+sub.swift in Sources */ = {isa = PBXBuildFile; fileRef = E3AB05182176687700B80D74 /* String+sub.swift */; };
		E3AB051D2177749B00B80D74 /* PlistReader.swift in Sources */ = {isa = PBXBuildFile; fileRef = E3AB051C2177749B00B80D74 /* PlistReader.swift */; };
		E3AB051F2177750500B80D74 /* avatarColors.plist in Resources */ = {isa = PBXBuildFile; fileRef = E3AB051E2177750500B80D74 /* avatarColors.plist */; };
		E3AB0522217783B900B80D74 /* UIColorPicker.xib in Resources */ = {isa = PBXBuildFile; fileRef = E3AB0521217783B900B80D74 /* UIColorPicker.xib */; };
		E3AB05242177858A00B80D74 /* UIColorPicker.swift in Sources */ = {isa = PBXBuildFile; fileRef = E3AB05232177858A00B80D74 /* UIColorPicker.swift */; };
		E3AB05282177872D00B80D74 /* UIColorCollectionViewCell.xib in Resources */ = {isa = PBXBuildFile; fileRef = E3AB05262177872D00B80D74 /* UIColorCollectionViewCell.xib */; };
		E3AB052C21779FF000B80D74 /* UIColorPickerDatasource.swift in Sources */ = {isa = PBXBuildFile; fileRef = E3AB052B21779FF000B80D74 /* UIColorPickerDatasource.swift */; };
		E3AB052E2177A17B00B80D74 /* UIColorPickerDelegate.swift in Sources */ = {isa = PBXBuildFile; fileRef = E3AB052D2177A17B00B80D74 /* UIColorPickerDelegate.swift */; };
		E3AB05302177BD4400B80D74 /* UIColor+hexa.swift in Sources */ = {isa = PBXBuildFile; fileRef = E3AB052F2177BD4400B80D74 /* UIColor+hexa.swift */; };
		E3AB05352177E75A00B80D74 /* FileManager+avatarManager.swift in Sources */ = {isa = PBXBuildFile; fileRef = E3AB05342177E75A00B80D74 /* FileManager+avatarManager.swift */; };
		E3AB05392178A80F00B80D74 /* UIAvatarCollectionViewCell.swift in Sources */ = {isa = PBXBuildFile; fileRef = E3AB05372178A80F00B80D74 /* UIAvatarCollectionViewCell.swift */; };
		E3AB053A2178A80F00B80D74 /* UIAvatarCollectionViewCell.xib in Resources */ = {isa = PBXBuildFile; fileRef = E3AB05382178A80F00B80D74 /* UIAvatarCollectionViewCell.xib */; };
		E3AB053D2178AA7200B80D74 /* AllAvatarsViewController.swift in Sources */ = {isa = PBXBuildFile; fileRef = E3AB053C2178AA7200B80D74 /* AllAvatarsViewController.swift */; };
		E3AB05412178E3F600B80D74 /* AdorableAvatars.xcdatamodeld in Sources */ = {isa = PBXBuildFile; fileRef = E3AB053F2178E3F600B80D74 /* AdorableAvatars.xcdatamodeld */; };
		E3AB05432178E47300B80D74 /* CoreDataWrapper.swift in Sources */ = {isa = PBXBuildFile; fileRef = E3AB05422178E47300B80D74 /* CoreDataWrapper.swift */; };
		E3AB05452178E49600B80D74 /* CoreDataStack.swift in Sources */ = {isa = PBXBuildFile; fileRef = E3AB05442178E49600B80D74 /* CoreDataStack.swift */; };
		E3AB054A2178F2F400B80D74 /* Avatar.swift in Sources */ = {isa = PBXBuildFile; fileRef = E3AB05492178F2F400B80D74 /* Avatar.swift */; };
		E3AB054D2179060300B80D74 /* CreateAvatarDelegate.swift in Sources */ = {isa = PBXBuildFile; fileRef = E3AB054C2179060300B80D74 /* CreateAvatarDelegate.swift */; };
		E3AB054F2179179000B80D74 /* AvatarCollectionViewCellDelegate.swift in Sources */ = {isa = PBXBuildFile; fileRef = E3AB054E2179179000B80D74 /* AvatarCollectionViewCellDelegate.swift */; };
		E3AB055121791EB500B80D74 /* FaveAvatarsViewController.swift in Sources */ = {isa = PBXBuildFile; fileRef = E3AB055021791EB500B80D74 /* FaveAvatarsViewController.swift */; };
		E3AB05532179231D00B80D74 /* FavoriteAvatarDelegate.swift in Sources */ = {isa = PBXBuildFile; fileRef = E3AB05522179231D00B80D74 /* FavoriteAvatarDelegate.swift */; };
		E3AB0555217929E300B80D74 /* PreviewViewController.swift in Sources */ = {isa = PBXBuildFile; fileRef = E3AB0554217929E300B80D74 /* PreviewViewController.swift */; };
		E3AB0558217A07F100B80D74 /* AvatarPreviewDelegate.swift in Sources */ = {isa = PBXBuildFile; fileRef = E3AB0557217A07F100B80D74 /* AvatarPreviewDelegate.swift */; };
		E3B6758A2182371B008DB3F0 /* UIView+position.swift in Sources */ = {isa = PBXBuildFile; fileRef = E3B675892182371B008DB3F0 /* UIView+position.swift */; };
		E3B6758E218242B2008DB3F0 /* UIPropPicker.xib in Resources */ = {isa = PBXBuildFile; fileRef = E3B6758D218242B2008DB3F0 /* UIPropPicker.xib */; };
		E3B6759021824343008DB3F0 /* UIPropPicker.swift in Sources */ = {isa = PBXBuildFile; fileRef = E3B6758F21824343008DB3F0 /* UIPropPicker.swift */; };
		E3B67593218244CB008DB3F0 /* UIPropTableViewCell.swift in Sources */ = {isa = PBXBuildFile; fileRef = E3B67591218244CB008DB3F0 /* UIPropTableViewCell.swift */; };
		E3B67594218244CB008DB3F0 /* UIPropTableViewCell.xib in Resources */ = {isa = PBXBuildFile; fileRef = E3B67592218244CB008DB3F0 /* UIPropTableViewCell.xib */; };
		E3B67596218246AE008DB3F0 /* UIColorCollectionViewCell.swift in Sources */ = {isa = PBXBuildFile; fileRef = E3B67595218246AD008DB3F0 /* UIColorCollectionViewCell.swift */; };
		E3B675D5218370C5008DB3F0 /* Assets.xcassets in Resources */ = {isa = PBXBuildFile; fileRef = E3B675D4218370C5008DB3F0 /* Assets.xcassets */; };
		E3B675DC218370C5008DB3F0 /* AdorableMessage MessagesExtension.appex in Embed App Extensions */ = {isa = PBXBuildFile; fileRef = E3B675DB218370C5008DB3F0 /* AdorableMessage MessagesExtension.appex */; settings = {ATTRIBUTES = (RemoveHeadersOnCopy, ); }; };
		E3B675E1218370C5008DB3F0 /* Messages.framework in Frameworks */ = {isa = PBXBuildFile; fileRef = E3B675E0218370C5008DB3F0 /* Messages.framework */; };
		E3B675E4218370C5008DB3F0 /* MessagesViewController.swift in Sources */ = {isa = PBXBuildFile; fileRef = E3B675E3218370C5008DB3F0 /* MessagesViewController.swift */; };
		E3B675E7218370C5008DB3F0 /* MainInterface.storyboard in Resources */ = {isa = PBXBuildFile; fileRef = E3B675E5218370C5008DB3F0 /* MainInterface.storyboard */; };
		E3B675E9218370C6008DB3F0 /* Assets.xcassets in Resources */ = {isa = PBXBuildFile; fileRef = E3B675E8218370C6008DB3F0 /* Assets.xcassets */; };
		E3B675F2218371C2008DB3F0 /* UIAvatarCollectionViewCell.swift in Sources */ = {isa = PBXBuildFile; fileRef = E3AB05372178A80F00B80D74 /* UIAvatarCollectionViewCell.swift */; };
		E3B675F3218371C2008DB3F0 /* UIAvatarCollectionViewCell.xib in Resources */ = {isa = PBXBuildFile; fileRef = E3AB05382178A80F00B80D74 /* UIAvatarCollectionViewCell.xib */; };
		E3B675F4218371C2008DB3F0 /* AvatarCollectionViewCellDelegate.swift in Sources */ = {isa = PBXBuildFile; fileRef = E3AB054E2179179000B80D74 /* AvatarCollectionViewCellDelegate.swift */; };
		E3B675F5218371C2008DB3F0 /* UIImage+blurImage.swift in Sources */ = {isa = PBXBuildFile; fileRef = E386AE642180F0AB009A8BF7 /* UIImage+blurImage.swift */; };
		E3B675F621837277008DB3F0 /* AvatarContainer.swift in Sources */ = {isa = PBXBuildFile; fileRef = E386AE602180CA24009A8BF7 /* AvatarContainer.swift */; };
		E3B675F721837277008DB3F0 /* Array+avatarContainerArray.swift in Sources */ = {isa = PBXBuildFile; fileRef = E386AE622180CB1A009A8BF7 /* Array+avatarContainerArray.swift */; };
		E3B675F82183727F008DB3F0 /* UIAvatarPicker.xib in Resources */ = {isa = PBXBuildFile; fileRef = E3AB04FF21760C0000B80D74 /* UIAvatarPicker.xib */; };
		E3B675F92183727F008DB3F0 /* UIAvatarPicker.swift in Sources */ = {isa = PBXBuildFile; fileRef = E3AB050121760E1000B80D74 /* UIAvatarPicker.swift */; };
		E3B675FA2183727F008DB3F0 /* APAvatarPickerDelegate.swift in Sources */ = {isa = PBXBuildFile; fileRef = E3AB0504217612BE00B80D74 /* APAvatarPickerDelegate.swift */; };
		E3B675FB2183727F008DB3F0 /* APAvatarPickerDatasource.swift in Sources */ = {isa = PBXBuildFile; fileRef = E3AB0510217633F700B80D74 /* APAvatarPickerDatasource.swift */; };
		E3B675FC2183727F008DB3F0 /* APAvatarComponents.swift in Sources */ = {isa = PBXBuildFile; fileRef = E3AB05122176410D00B80D74 /* APAvatarComponents.swift */; };
		E3B675FD2183727F008DB3F0 /* APAvatar.swift in Sources */ = {isa = PBXBuildFile; fileRef = E3AB05142176457600B80D74 /* APAvatar.swift */; };
		E3B675FE21837283008DB3F0 /* UIBaseZibView.swift in Sources */ = {isa = PBXBuildFile; fileRef = E386AE662181296B009A8BF7 /* UIBaseZibView.swift */; };
		E3B675FF218372CD008DB3F0 /* AdorableAvatars.xcdatamodeld in Sources */ = {isa = PBXBuildFile; fileRef = E3AB053F2178E3F600B80D74 /* AdorableAvatars.xcdatamodeld */; };
		E3B67600218372D0008DB3F0 /* CoreDataWrapper.swift in Sources */ = {isa = PBXBuildFile; fileRef = E3AB05422178E47300B80D74 /* CoreDataWrapper.swift */; };
		E3B67601218372D2008DB3F0 /* CoreDataStack.swift in Sources */ = {isa = PBXBuildFile; fileRef = E3AB05442178E49600B80D74 /* CoreDataStack.swift */; };
		E3B67602218372D6008DB3F0 /* Avatar.swift in Sources */ = {isa = PBXBuildFile; fileRef = E3AB05492178F2F400B80D74 /* Avatar.swift */; };
		E3B676032183732F008DB3F0 /* FileManager+avatarManager.swift in Sources */ = {isa = PBXBuildFile; fileRef = E3AB05342177E75A00B80D74 /* FileManager+avatarManager.swift */; };
		E3B676042183732F008DB3F0 /* UIImage+URL.swift in Sources */ = {isa = PBXBuildFile; fileRef = E386AE4F217FA0C3009A8BF7 /* UIImage+URL.swift */; };
		E3B6760621837985008DB3F0 /* UIView+position.swift in Sources */ = {isa = PBXBuildFile; fileRef = E3B675892182371B008DB3F0 /* UIView+position.swift */; };
		E3B6760921838201008DB3F0 /* FileManager+getAvatars.swift in Sources */ = {isa = PBXBuildFile; fileRef = E3B6760821838201008DB3F0 /* FileManager+getAvatars.swift */; };
		E3B6760A21838605008DB3F0 /* String+sub.swift in Sources */ = {isa = PBXBuildFile; fileRef = E3AB05182176687700B80D74 /* String+sub.swift */; };
		E3B6760B2183F7FE008DB3F0 /* ADDelegate.swift in Sources */ = {isa = PBXBuildFile; fileRef = E3AB050E2176310800B80D74 /* ADDelegate.swift */; };
		E3B6760C2183F818008DB3F0 /* ADWrapper.swift in Sources */ = {isa = PBXBuildFile; fileRef = E3AB050921761C2400B80D74 /* ADWrapper.swift */; };
		E3B6760D2183F823008DB3F0 /* ADFaceComponents.swift in Sources */ = {isa = PBXBuildFile; fileRef = E3AB050C217623A400B80D74 /* ADFaceComponents.swift */; };
		E3B6760F2183F82B008DB3F0 /* UIColor+hexa.swift in Sources */ = {isa = PBXBuildFile; fileRef = E3AB052F2177BD4400B80D74 /* UIColor+hexa.swift */; };
		E3B676102183F88D008DB3F0 /* ADAvatar.swift in Sources */ = {isa = PBXBuildFile; fileRef = E3AB0516217659F700B80D74 /* ADAvatar.swift */; };
		E3B676112183F896008DB3F0 /* PlistReader.swift in Sources */ = {isa = PBXBuildFile; fileRef = E3AB051C2177749B00B80D74 /* PlistReader.swift */; };
		E3B676122183F896008DB3F0 /* avatarColors.plist in Resources */ = {isa = PBXBuildFile; fileRef = E3AB051E2177750500B80D74 /* avatarColors.plist */; };
		E3B676132183F896008DB3F0 /* UIColor+rgbArray.swift in Sources */ = {isa = PBXBuildFile; fileRef = E386AE55218070D4009A8BF7 /* UIColor+rgbArray.swift */; };
		E3B676142183FB33008DB3F0 /* AlertManagment.swift in Sources */ = {isa = PBXBuildFile; fileRef = E386AE2B217E351D009A8BF7 /* AlertManagment.swift */; };
/* End PBXBuildFile section */

/* Begin PBXContainerItemProxy section */
		E386AE3A217E5393009A8BF7 /* PBXContainerItemProxy */ = {
			isa = PBXContainerItemProxy;
			containerPortal = E3AB04C52176072E00B80D74 /* Project object */;
			proxyType = 1;
			remoteGlobalIDString = E386AE34217E5393009A8BF7;
			remoteInfo = NotificationService;
		};
		E3AB04E22176073000B80D74 /* PBXContainerItemProxy */ = {
			isa = PBXContainerItemProxy;
			containerPortal = E3AB04C52176072E00B80D74 /* Project object */;
			proxyType = 1;
			remoteGlobalIDString = E3AB04CC2176072E00B80D74;
			remoteInfo = AdorableAvatars;
		};
		E3AB04ED2176073000B80D74 /* PBXContainerItemProxy */ = {
			isa = PBXContainerItemProxy;
			containerPortal = E3AB04C52176072E00B80D74 /* Project object */;
			proxyType = 1;
			remoteGlobalIDString = E3AB04CC2176072E00B80D74;
			remoteInfo = AdorableAvatars;
		};
		E3B675DD218370C5008DB3F0 /* PBXContainerItemProxy */ = {
			isa = PBXContainerItemProxy;
			containerPortal = E3AB04C52176072E00B80D74 /* Project object */;
			proxyType = 1;
			remoteGlobalIDString = E3B675DA218370C5008DB3F0;
			remoteInfo = "AdorableMessage MessagesExtension";
		};
/* End PBXContainerItemProxy section */

/* Begin PBXCopyFilesBuildPhase section */
		E386AE40217E5393009A8BF7 /* Embed App Extensions */ = {
			isa = PBXCopyFilesBuildPhase;
			buildActionMask = 2147483647;
			dstPath = "";
			dstSubfolderSpec = 13;
			files = (
				E386AE3C217E5393009A8BF7 /* NotificationService.appex in Embed App Extensions */,
			);
			name = "Embed App Extensions";
			runOnlyForDeploymentPostprocessing = 0;
		};
		E3B675EE218370C6008DB3F0 /* Embed App Extensions */ = {
			isa = PBXCopyFilesBuildPhase;
			buildActionMask = 2147483647;
			dstPath = "";
			dstSubfolderSpec = 13;
			files = (
				E3B675DC218370C5008DB3F0 /* AdorableMessage MessagesExtension.appex in Embed App Extensions */,
			);
			name = "Embed App Extensions";
			runOnlyForDeploymentPostprocessing = 0;
		};
/* End PBXCopyFilesBuildPhase section */

/* Begin PBXFileReference section */
		E348BB902184869700A905F0 /* Localizable.swift */ = {isa = PBXFileReference; lastKnownFileType = sourcecode.swift; path = Localizable.swift; sourceTree = "<group>"; };
		E348BB952184881700A905F0 /* en */ = {isa = PBXFileReference; lastKnownFileType = text.plist.strings; name = en; path = en.lproj/Localizable.strings; sourceTree = "<group>"; };
		E348BB972184893D00A905F0 /* pt-PT */ = {isa = PBXFileReference; lastKnownFileType = text.plist.strings; name = "pt-PT"; path = "pt-PT.lproj/Localizable.strings"; sourceTree = "<group>"; };
		E386AE2B217E351D009A8BF7 /* AlertManagment.swift */ = {isa = PBXFileReference; lastKnownFileType = sourcecode.swift; path = AlertManagment.swift; sourceTree = "<group>"; };
		E386AE2D217E3E58009A8BF7 /* AdorableAvatars.entitlements */ = {isa = PBXFileReference; lastKnownFileType = text.plist.entitlements; path = AdorableAvatars.entitlements; sourceTree = "<group>"; };
		E386AE2F217E45D6009A8BF7 /* NotificationManager.swift */ = {isa = PBXFileReference; lastKnownFileType = sourcecode.swift; path = NotificationManager.swift; sourceTree = "<group>"; };
		E386AE35217E5393009A8BF7 /* NotificationService.appex */ = {isa = PBXFileReference; explicitFileType = "wrapper.app-extension"; includeInIndex = 0; path = NotificationService.appex; sourceTree = BUILT_PRODUCTS_DIR; };
		E386AE37217E5393009A8BF7 /* NotificationService.swift */ = {isa = PBXFileReference; lastKnownFileType = sourcecode.swift; path = NotificationService.swift; sourceTree = "<group>"; };
		E386AE39217E5393009A8BF7 /* Info.plist */ = {isa = PBXFileReference; lastKnownFileType = text.plist.xml; path = Info.plist; sourceTree = "<group>"; };
		E386AE4B217F6280009A8BF7 /* ActionID.swift */ = {isa = PBXFileReference; lastKnownFileType = sourcecode.swift; path = ActionID.swift; sourceTree = "<group>"; };
		E386AE4D217F629B009A8BF7 /* CategoryID.swift */ = {isa = PBXFileReference; lastKnownFileType = sourcecode.swift; path = CategoryID.swift; sourceTree = "<group>"; };
		E386AE4F217FA0C3009A8BF7 /* UIImage+URL.swift */ = {isa = PBXFileReference; lastKnownFileType = sourcecode.swift; path = "UIImage+URL.swift"; sourceTree = "<group>"; };
		E386AE51217FA2AA009A8BF7 /* Array+findByAttachmentIdentifier.swift */ = {isa = PBXFileReference; lastKnownFileType = sourcecode.swift; path = "Array+findByAttachmentIdentifier.swift"; sourceTree = "<group>"; };
		E386AE54217FE089009A8BF7 /* NotificationService.entitlements */ = {isa = PBXFileReference; lastKnownFileType = text.plist.entitlements; path = NotificationService.entitlements; sourceTree = "<group>"; };
		E386AE55218070D4009A8BF7 /* UIColor+rgbArray.swift */ = {isa = PBXFileReference; lastKnownFileType = sourcecode.swift; path = "UIColor+rgbArray.swift"; sourceTree = "<group>"; };
		E386AE5A218096F0009A8BF7 /* PickerColor.swift */ = {isa = PBXFileReference; lastKnownFileType = sourcecode.swift; path = PickerColor.swift; sourceTree = "<group>"; };
		E386AE5C21809972009A8BF7 /* Array+pickerColor.swift */ = {isa = PBXFileReference; lastKnownFileType = sourcecode.swift; path = "Array+pickerColor.swift"; sourceTree = "<group>"; };
		E386AE602180CA24009A8BF7 /* AvatarContainer.swift */ = {isa = PBXFileReference; lastKnownFileType = sourcecode.swift; path = AvatarContainer.swift; sourceTree = "<group>"; };
		E386AE622180CB1A009A8BF7 /* Array+avatarContainerArray.swift */ = {isa = PBXFileReference; lastKnownFileType = sourcecode.swift; path = "Array+avatarContainerArray.swift"; sourceTree = "<group>"; };
		E386AE642180F0AB009A8BF7 /* UIImage+blurImage.swift */ = {isa = PBXFileReference; lastKnownFileType = sourcecode.swift; path = "UIImage+blurImage.swift"; sourceTree = "<group>"; };
		E386AE662181296B009A8BF7 /* UIBaseZibView.swift */ = {isa = PBXFileReference; lastKnownFileType = sourcecode.swift; path = UIBaseZibView.swift; sourceTree = "<group>"; };
		E386AE692181699C009A8BF7 /* UIRadiusSlider.swift */ = {isa = PBXFileReference; lastKnownFileType = sourcecode.swift; path = UIRadiusSlider.swift; sourceTree = "<group>"; };
		E3AB04CD2176072E00B80D74 /* AdorableAvatars.app */ = {isa = PBXFileReference; explicitFileType = wrapper.application; includeInIndex = 0; path = AdorableAvatars.app; sourceTree = BUILT_PRODUCTS_DIR; };
		E3AB04D02176072E00B80D74 /* AppDelegate.swift */ = {isa = PBXFileReference; lastKnownFileType = sourcecode.swift; path = AppDelegate.swift; sourceTree = "<group>"; };
		E3AB04D22176072E00B80D74 /* CreateAvatarViewController.swift */ = {isa = PBXFileReference; lastKnownFileType = sourcecode.swift; path = CreateAvatarViewController.swift; sourceTree = "<group>"; };
		E3AB04D52176072E00B80D74 /* Base */ = {isa = PBXFileReference; lastKnownFileType = file.storyboard; name = Base; path = Base.lproj/Main.storyboard; sourceTree = "<group>"; };
		E3AB04D72176073000B80D74 /* Assets.xcassets */ = {isa = PBXFileReference; lastKnownFileType = folder.assetcatalog; path = Assets.xcassets; sourceTree = "<group>"; };
		E3AB04DA2176073000B80D74 /* Base */ = {isa = PBXFileReference; lastKnownFileType = file.storyboard; name = Base; path = Base.lproj/LaunchScreen.storyboard; sourceTree = "<group>"; };
		E3AB04DC2176073000B80D74 /* Info.plist */ = {isa = PBXFileReference; lastKnownFileType = text.plist.xml; path = Info.plist; sourceTree = "<group>"; };
		E3AB04E12176073000B80D74 /* AdorableAvatarsTests.xctest */ = {isa = PBXFileReference; explicitFileType = wrapper.cfbundle; includeInIndex = 0; path = AdorableAvatarsTests.xctest; sourceTree = BUILT_PRODUCTS_DIR; };
		E3AB04E52176073000B80D74 /* AdorableAvatarsTests.swift */ = {isa = PBXFileReference; lastKnownFileType = sourcecode.swift; path = AdorableAvatarsTests.swift; sourceTree = "<group>"; };
		E3AB04E72176073000B80D74 /* Info.plist */ = {isa = PBXFileReference; lastKnownFileType = text.plist.xml; path = Info.plist; sourceTree = "<group>"; };
		E3AB04EC2176073000B80D74 /* AdorableAvatarsUITests.xctest */ = {isa = PBXFileReference; explicitFileType = wrapper.cfbundle; includeInIndex = 0; path = AdorableAvatarsUITests.xctest; sourceTree = BUILT_PRODUCTS_DIR; };
		E3AB04F02176073000B80D74 /* AdorableAvatarsUITests.swift */ = {isa = PBXFileReference; lastKnownFileType = sourcecode.swift; path = AdorableAvatarsUITests.swift; sourceTree = "<group>"; };
		E3AB04F22176073000B80D74 /* Info.plist */ = {isa = PBXFileReference; lastKnownFileType = text.plist.xml; path = Info.plist; sourceTree = "<group>"; };
		E3AB04FF21760C0000B80D74 /* UIAvatarPicker.xib */ = {isa = PBXFileReference; lastKnownFileType = file.xib; path = UIAvatarPicker.xib; sourceTree = "<group>"; };
		E3AB050121760E1000B80D74 /* UIAvatarPicker.swift */ = {isa = PBXFileReference; lastKnownFileType = sourcecode.swift; path = UIAvatarPicker.swift; sourceTree = "<group>"; };
		E3AB0504217612BE00B80D74 /* APAvatarPickerDelegate.swift */ = {isa = PBXFileReference; lastKnownFileType = sourcecode.swift; path = APAvatarPickerDelegate.swift; sourceTree = "<group>"; };
		E3AB050921761C2400B80D74 /* ADWrapper.swift */ = {isa = PBXFileReference; lastKnownFileType = sourcecode.swift; path = ADWrapper.swift; sourceTree = "<group>"; };
		E3AB050C217623A400B80D74 /* ADFaceComponents.swift */ = {isa = PBXFileReference; lastKnownFileType = sourcecode.swift; path = ADFaceComponents.swift; sourceTree = "<group>"; };
		E3AB050E2176310800B80D74 /* ADDelegate.swift */ = {isa = PBXFileReference; lastKnownFileType = sourcecode.swift; path = ADDelegate.swift; sourceTree = "<group>"; };
		E3AB0510217633F700B80D74 /* APAvatarPickerDatasource.swift */ = {isa = PBXFileReference; lastKnownFileType = sourcecode.swift; path = APAvatarPickerDatasource.swift; sourceTree = "<group>"; };
		E3AB05122176410D00B80D74 /* APAvatarComponents.swift */ = {isa = PBXFileReference; lastKnownFileType = sourcecode.swift; path = APAvatarComponents.swift; sourceTree = "<group>"; };
		E3AB05142176457600B80D74 /* APAvatar.swift */ = {isa = PBXFileReference; lastKnownFileType = sourcecode.swift; path = APAvatar.swift; sourceTree = "<group>"; };
		E3AB0516217659F700B80D74 /* ADAvatar.swift */ = {isa = PBXFileReference; lastKnownFileType = sourcecode.swift; path = ADAvatar.swift; sourceTree = "<group>"; };
		E3AB05182176687700B80D74 /* String+sub.swift */ = {isa = PBXFileReference; lastKnownFileType = sourcecode.swift; path = "String+sub.swift"; sourceTree = "<group>"; };
		E3AB051C2177749B00B80D74 /* PlistReader.swift */ = {isa = PBXFileReference; lastKnownFileType = sourcecode.swift; path = PlistReader.swift; sourceTree = "<group>"; };
		E3AB051E2177750500B80D74 /* avatarColors.plist */ = {isa = PBXFileReference; lastKnownFileType = text.plist.xml; path = avatarColors.plist; sourceTree = "<group>"; };
		E3AB0521217783B900B80D74 /* UIColorPicker.xib */ = {isa = PBXFileReference; lastKnownFileType = file.xib; path = UIColorPicker.xib; sourceTree = "<group>"; };
		E3AB05232177858A00B80D74 /* UIColorPicker.swift */ = {isa = PBXFileReference; lastKnownFileType = sourcecode.swift; path = UIColorPicker.swift; sourceTree = "<group>"; };
		E3AB05262177872D00B80D74 /* UIColorCollectionViewCell.xib */ = {isa = PBXFileReference; lastKnownFileType = file.xib; path = UIColorCollectionViewCell.xib; sourceTree = "<group>"; };
		E3AB052B21779FF000B80D74 /* UIColorPickerDatasource.swift */ = {isa = PBXFileReference; lastKnownFileType = sourcecode.swift; path = UIColorPickerDatasource.swift; sourceTree = "<group>"; };
		E3AB052D2177A17B00B80D74 /* UIColorPickerDelegate.swift */ = {isa = PBXFileReference; lastKnownFileType = sourcecode.swift; path = UIColorPickerDelegate.swift; sourceTree = "<group>"; };
		E3AB052F2177BD4400B80D74 /* UIColor+hexa.swift */ = {isa = PBXFileReference; lastKnownFileType = sourcecode.swift; path = "UIColor+hexa.swift"; sourceTree = "<group>"; };
		E3AB05342177E75A00B80D74 /* FileManager+avatarManager.swift */ = {isa = PBXFileReference; lastKnownFileType = sourcecode.swift; path = "FileManager+avatarManager.swift"; sourceTree = "<group>"; };
		E3AB05372178A80F00B80D74 /* UIAvatarCollectionViewCell.swift */ = {isa = PBXFileReference; lastKnownFileType = sourcecode.swift; path = UIAvatarCollectionViewCell.swift; sourceTree = "<group>"; };
		E3AB05382178A80F00B80D74 /* UIAvatarCollectionViewCell.xib */ = {isa = PBXFileReference; lastKnownFileType = file.xib; path = UIAvatarCollectionViewCell.xib; sourceTree = "<group>"; };
		E3AB053C2178AA7200B80D74 /* AllAvatarsViewController.swift */ = {isa = PBXFileReference; lastKnownFileType = sourcecode.swift; path = AllAvatarsViewController.swift; sourceTree = "<group>"; };
		E3AB05402178E3F600B80D74 /* AdorableAvatars.xcdatamodel */ = {isa = PBXFileReference; lastKnownFileType = wrapper.xcdatamodel; path = AdorableAvatars.xcdatamodel; sourceTree = "<group>"; };
		E3AB05422178E47300B80D74 /* CoreDataWrapper.swift */ = {isa = PBXFileReference; lastKnownFileType = sourcecode.swift; path = CoreDataWrapper.swift; sourceTree = "<group>"; };
		E3AB05442178E49600B80D74 /* CoreDataStack.swift */ = {isa = PBXFileReference; lastKnownFileType = sourcecode.swift; path = CoreDataStack.swift; sourceTree = "<group>"; };
		E3AB05492178F2F400B80D74 /* Avatar.swift */ = {isa = PBXFileReference; lastKnownFileType = sourcecode.swift; name = Avatar.swift; path = "AdorableAvatars/Core Data Managment/Avatar.swift"; sourceTree = SOURCE_ROOT; };
		E3AB054C2179060300B80D74 /* CreateAvatarDelegate.swift */ = {isa = PBXFileReference; lastKnownFileType = sourcecode.swift; path = CreateAvatarDelegate.swift; sourceTree = "<group>"; };
		E3AB054E2179179000B80D74 /* AvatarCollectionViewCellDelegate.swift */ = {isa = PBXFileReference; lastKnownFileType = sourcecode.swift; path = AvatarCollectionViewCellDelegate.swift; sourceTree = "<group>"; };
		E3AB055021791EB500B80D74 /* FaveAvatarsViewController.swift */ = {isa = PBXFileReference; lastKnownFileType = sourcecode.swift; path = FaveAvatarsViewController.swift; sourceTree = "<group>"; };
		E3AB05522179231D00B80D74 /* FavoriteAvatarDelegate.swift */ = {isa = PBXFileReference; lastKnownFileType = sourcecode.swift; path = FavoriteAvatarDelegate.swift; sourceTree = "<group>"; };
		E3AB0554217929E300B80D74 /* PreviewViewController.swift */ = {isa = PBXFileReference; lastKnownFileType = sourcecode.swift; path = PreviewViewController.swift; sourceTree = "<group>"; };
		E3AB0557217A07F100B80D74 /* AvatarPreviewDelegate.swift */ = {isa = PBXFileReference; lastKnownFileType = sourcecode.swift; path = AvatarPreviewDelegate.swift; sourceTree = "<group>"; };
		E3B675892182371B008DB3F0 /* UIView+position.swift */ = {isa = PBXFileReference; lastKnownFileType = sourcecode.swift; path = "UIView+position.swift"; sourceTree = "<group>"; };
		E3B6758D218242B2008DB3F0 /* UIPropPicker.xib */ = {isa = PBXFileReference; lastKnownFileType = file.xib; path = UIPropPicker.xib; sourceTree = "<group>"; };
		E3B6758F21824343008DB3F0 /* UIPropPicker.swift */ = {isa = PBXFileReference; lastKnownFileType = sourcecode.swift; path = UIPropPicker.swift; sourceTree = "<group>"; };
		E3B67591218244CB008DB3F0 /* UIPropTableViewCell.swift */ = {isa = PBXFileReference; lastKnownFileType = sourcecode.swift; path = UIPropTableViewCell.swift; sourceTree = "<group>"; };
		E3B67592218244CB008DB3F0 /* UIPropTableViewCell.xib */ = {isa = PBXFileReference; lastKnownFileType = file.xib; path = UIPropTableViewCell.xib; sourceTree = "<group>"; };
		E3B67595218246AD008DB3F0 /* UIColorCollectionViewCell.swift */ = {isa = PBXFileReference; fileEncoding = 4; lastKnownFileType = sourcecode.swift; path = UIColorCollectionViewCell.swift; sourceTree = "<group>"; };
		E3B675D2218370C4008DB3F0 /* AdorableMessage.app */ = {isa = PBXFileReference; explicitFileType = wrapper.application; includeInIndex = 0; path = AdorableMessage.app; sourceTree = BUILT_PRODUCTS_DIR; };
		E3B675D4218370C5008DB3F0 /* Assets.xcassets */ = {isa = PBXFileReference; lastKnownFileType = folder.assetcatalog; path = Assets.xcassets; sourceTree = "<group>"; };
		E3B675D6218370C5008DB3F0 /* Info.plist */ = {isa = PBXFileReference; lastKnownFileType = text.plist.xml; path = Info.plist; sourceTree = "<group>"; };
		E3B675DB218370C5008DB3F0 /* AdorableMessage MessagesExtension.appex */ = {isa = PBXFileReference; explicitFileType = "wrapper.app-extension"; includeInIndex = 0; path = "AdorableMessage MessagesExtension.appex"; sourceTree = BUILT_PRODUCTS_DIR; };
		E3B675E0218370C5008DB3F0 /* Messages.framework */ = {isa = PBXFileReference; lastKnownFileType = wrapper.framework; name = Messages.framework; path = System/Library/Frameworks/Messages.framework; sourceTree = SDKROOT; };
		E3B675E3218370C5008DB3F0 /* MessagesViewController.swift */ = {isa = PBXFileReference; lastKnownFileType = sourcecode.swift; path = MessagesViewController.swift; sourceTree = "<group>"; };
		E3B675E6218370C5008DB3F0 /* Base */ = {isa = PBXFileReference; lastKnownFileType = file.storyboard; name = Base; path = Base.lproj/MainInterface.storyboard; sourceTree = "<group>"; };
		E3B675E8218370C6008DB3F0 /* Assets.xcassets */ = {isa = PBXFileReference; lastKnownFileType = folder.assetcatalog; path = Assets.xcassets; sourceTree = "<group>"; };
		E3B675EA218370C6008DB3F0 /* Info.plist */ = {isa = PBXFileReference; lastKnownFileType = text.plist.xml; path = Info.plist; sourceTree = "<group>"; };
		E3B67605218378F3008DB3F0 /* AdorableMessage MessagesExtension.entitlements */ = {isa = PBXFileReference; lastKnownFileType = text.plist.entitlements; path = "AdorableMessage MessagesExtension.entitlements"; sourceTree = "<group>"; };
		E3B6760821838201008DB3F0 /* FileManager+getAvatars.swift */ = {isa = PBXFileReference; lastKnownFileType = sourcecode.swift; path = "FileManager+getAvatars.swift"; sourceTree = "<group>"; };
/* End PBXFileReference section */

/* Begin PBXFrameworksBuildPhase section */
		E386AE32217E5393009A8BF7 /* Frameworks */ = {
			isa = PBXFrameworksBuildPhase;
			buildActionMask = 2147483647;
			files = (
			);
			runOnlyForDeploymentPostprocessing = 0;
		};
		E3AB04CA2176072E00B80D74 /* Frameworks */ = {
			isa = PBXFrameworksBuildPhase;
			buildActionMask = 2147483647;
			files = (
			);
			runOnlyForDeploymentPostprocessing = 0;
		};
		E3AB04DE2176073000B80D74 /* Frameworks */ = {
			isa = PBXFrameworksBuildPhase;
			buildActionMask = 2147483647;
			files = (
			);
			runOnlyForDeploymentPostprocessing = 0;
		};
		E3AB04E92176073000B80D74 /* Frameworks */ = {
			isa = PBXFrameworksBuildPhase;
			buildActionMask = 2147483647;
			files = (
			);
			runOnlyForDeploymentPostprocessing = 0;
		};
		E3B675D8218370C5008DB3F0 /* Frameworks */ = {
			isa = PBXFrameworksBuildPhase;
			buildActionMask = 2147483647;
			files = (
				E3B675E1218370C5008DB3F0 /* Messages.framework in Frameworks */,
			);
			runOnlyForDeploymentPostprocessing = 0;
		};
/* End PBXFrameworksBuildPhase section */

/* Begin PBXGroup section */
		E348BB8921847A6800A905F0 /* Localization Managment */ = {
			isa = PBXGroup;
			children = (
				E348BB902184869700A905F0 /* Localizable.swift */,
				E348BB962184881700A905F0 /* Localizable.strings */,
			);
			path = "Localization Managment";
			sourceTree = "<group>";
		};
		E386AE28217E3438009A8BF7 /* Alert Managment */ = {
			isa = PBXGroup;
			children = (
				E386AE2B217E351D009A8BF7 /* AlertManagment.swift */,
			);
			path = "Alert Managment";
			sourceTree = "<group>";
		};
		E386AE2E217E45B6009A8BF7 /* Notification Managment */ = {
			isa = PBXGroup;
			children = (
				E386AE2F217E45D6009A8BF7 /* NotificationManager.swift */,
				E386AE4B217F6280009A8BF7 /* ActionID.swift */,
				E386AE4D217F629B009A8BF7 /* CategoryID.swift */,
				E386AE51217FA2AA009A8BF7 /* Array+findByAttachmentIdentifier.swift */,
			);
			path = "Notification Managment";
			sourceTree = "<group>";
		};
		E386AE36217E5393009A8BF7 /* NotificationService */ = {
			isa = PBXGroup;
			children = (
				E386AE54217FE089009A8BF7 /* NotificationService.entitlements */,
				E386AE37217E5393009A8BF7 /* NotificationService.swift */,
				E386AE39217E5393009A8BF7 /* Info.plist */,
			);
			path = NotificationService;
			sourceTree = "<group>";
		};
		E386AE5F2180C9DF009A8BF7 /* Models */ = {
			isa = PBXGroup;
			children = (
				E386AE602180CA24009A8BF7 /* AvatarContainer.swift */,
				E386AE622180CB1A009A8BF7 /* Array+avatarContainerArray.swift */,
			);
			path = Models;
			sourceTree = "<group>";
		};
		E386AE6821816960009A8BF7 /* Radius Slider */ = {
			isa = PBXGroup;
			children = (
				E386AE692181699C009A8BF7 /* UIRadiusSlider.swift */,
			);
			path = "Radius Slider";
			sourceTree = "<group>";
		};
		E3AB04C42176072E00B80D74 = {
			isa = PBXGroup;
			children = (
				E3AB04CF2176072E00B80D74 /* AdorableAvatars */,
				E3AB04E42176073000B80D74 /* AdorableAvatarsTests */,
				E3AB04EF2176073000B80D74 /* AdorableAvatarsUITests */,
				E386AE36217E5393009A8BF7 /* NotificationService */,
				E3B675D3218370C4008DB3F0 /* AdorableMessage */,
				E3B675E2218370C5008DB3F0 /* AdorableMessage MessagesExtension */,
				E3B675DF218370C5008DB3F0 /* Frameworks */,
				E3AB04CE2176072E00B80D74 /* Products */,
			);
			sourceTree = "<group>";
		};
		E3AB04CE2176072E00B80D74 /* Products */ = {
			isa = PBXGroup;
			children = (
				E3AB04CD2176072E00B80D74 /* AdorableAvatars.app */,
				E3AB04E12176073000B80D74 /* AdorableAvatarsTests.xctest */,
				E3AB04EC2176073000B80D74 /* AdorableAvatarsUITests.xctest */,
				E386AE35217E5393009A8BF7 /* NotificationService.appex */,
				E3B675D2218370C4008DB3F0 /* AdorableMessage.app */,
				E3B675DB218370C5008DB3F0 /* AdorableMessage MessagesExtension.appex */,
			);
			name = Products;
			sourceTree = "<group>";
		};
		E3AB04CF2176072E00B80D74 /* AdorableAvatars */ = {
			isa = PBXGroup;
			children = (
				E386AE2D217E3E58009A8BF7 /* AdorableAvatars.entitlements */,
				E348BB8921847A6800A905F0 /* Localization Managment */,
				E386AE2E217E45B6009A8BF7 /* Notification Managment */,
				E386AE28217E3438009A8BF7 /* Alert Managment */,
				E3AB053E2178E3D000B80D74 /* Core Data Managment */,
				E3AB05312177E3AD00B80D74 /* File Managment */,
				E3AB051B2177740B00B80D74 /* Plist Management */,
				E3AB050821761BDF00B80D74 /* AdorableAvatarsWrapper */,
				E3AB04FE21760BF000B80D74 /* Custom Views */,
				E386AE5F2180C9DF009A8BF7 /* Models */,
				E3AB053B2178AA3F00B80D74 /* Controllers */,
				E3AB04D02176072E00B80D74 /* AppDelegate.swift */,
				E3AB04D42176072E00B80D74 /* Main.storyboard */,
				E3AB04D72176073000B80D74 /* Assets.xcassets */,
				E3AB04D92176073000B80D74 /* LaunchScreen.storyboard */,
				E3AB04DC2176073000B80D74 /* Info.plist */,
			);
			path = AdorableAvatars;
			sourceTree = "<group>";
		};
		E3AB04E42176073000B80D74 /* AdorableAvatarsTests */ = {
			isa = PBXGroup;
			children = (
				E3AB04E52176073000B80D74 /* AdorableAvatarsTests.swift */,
				E3AB04E72176073000B80D74 /* Info.plist */,
			);
			path = AdorableAvatarsTests;
			sourceTree = "<group>";
		};
		E3AB04EF2176073000B80D74 /* AdorableAvatarsUITests */ = {
			isa = PBXGroup;
			children = (
				E3AB04F02176073000B80D74 /* AdorableAvatarsUITests.swift */,
				E3AB04F22176073000B80D74 /* Info.plist */,
			);
			path = AdorableAvatarsUITests;
			sourceTree = "<group>";
		};
		E3AB04FE21760BF000B80D74 /* Custom Views */ = {
			isa = PBXGroup;
			children = (
				E3B6758C218241AD008DB3F0 /* PropsPicker */,
				E386AE6821816960009A8BF7 /* Radius Slider */,
				E3AB05362178A7F100B80D74 /* AvatarCell */,
				E3AB0520217781DB00B80D74 /* ColorPicker */,
				E3AB0503217611C200B80D74 /* AvatarPicker */,
				E386AE662181296B009A8BF7 /* UIBaseZibView.swift */,
			);
			path = "Custom Views";
			sourceTree = "<group>";
		};
		E3AB0503217611C200B80D74 /* AvatarPicker */ = {
			isa = PBXGroup;
			children = (
				E3AB04FF21760C0000B80D74 /* UIAvatarPicker.xib */,
				E3AB050121760E1000B80D74 /* UIAvatarPicker.swift */,
				E3AB0504217612BE00B80D74 /* APAvatarPickerDelegate.swift */,
				E3AB0510217633F700B80D74 /* APAvatarPickerDatasource.swift */,
				E3AB05122176410D00B80D74 /* APAvatarComponents.swift */,
				E3AB05142176457600B80D74 /* APAvatar.swift */,
			);
			path = AvatarPicker;
			sourceTree = "<group>";
		};
		E3AB050821761BDF00B80D74 /* AdorableAvatarsWrapper */ = {
			isa = PBXGroup;
			children = (
				E3AB050B2176237500B80D74 /* Models */,
				E3AB050921761C2400B80D74 /* ADWrapper.swift */,
				E3AB050E2176310800B80D74 /* ADDelegate.swift */,
			);
			path = AdorableAvatarsWrapper;
			sourceTree = "<group>";
		};
		E3AB050B2176237500B80D74 /* Models */ = {
			isa = PBXGroup;
			children = (
				E3AB050C217623A400B80D74 /* ADFaceComponents.swift */,
				E3AB0516217659F700B80D74 /* ADAvatar.swift */,
				E3AB05182176687700B80D74 /* String+sub.swift */,
				E3AB052F2177BD4400B80D74 /* UIColor+hexa.swift */,
			);
			path = Models;
			sourceTree = "<group>";
		};
		E3AB051B2177740B00B80D74 /* Plist Management */ = {
			isa = PBXGroup;
			children = (
				E3AB051C2177749B00B80D74 /* PlistReader.swift */,
				E3AB051E2177750500B80D74 /* avatarColors.plist */,
				E386AE55218070D4009A8BF7 /* UIColor+rgbArray.swift */,
			);
			path = "Plist Management";
			sourceTree = "<group>";
		};
		E3AB0520217781DB00B80D74 /* ColorPicker */ = {
			isa = PBXGroup;
			children = (
				E3B67595218246AD008DB3F0 /* UIColorCollectionViewCell.swift */,
				E3AB05262177872D00B80D74 /* UIColorCollectionViewCell.xib */,
				E3AB0521217783B900B80D74 /* UIColorPicker.xib */,
				E3AB05232177858A00B80D74 /* UIColorPicker.swift */,
				E3AB052B21779FF000B80D74 /* UIColorPickerDatasource.swift */,
				E3AB052D2177A17B00B80D74 /* UIColorPickerDelegate.swift */,
				E386AE5A218096F0009A8BF7 /* PickerColor.swift */,
				E386AE5C21809972009A8BF7 /* Array+pickerColor.swift */,
				E3B675892182371B008DB3F0 /* UIView+position.swift */,
			);
			path = ColorPicker;
			sourceTree = "<group>";
		};
		E3AB05312177E3AD00B80D74 /* File Managment */ = {
			isa = PBXGroup;
			children = (
				E3AB05342177E75A00B80D74 /* FileManager+avatarManager.swift */,
				E386AE4F217FA0C3009A8BF7 /* UIImage+URL.swift */,
			);
			path = "File Managment";
			sourceTree = "<group>";
		};
		E3AB05362178A7F100B80D74 /* AvatarCell */ = {
			isa = PBXGroup;
			children = (
				E3AB05372178A80F00B80D74 /* UIAvatarCollectionViewCell.swift */,
				E3AB05382178A80F00B80D74 /* UIAvatarCollectionViewCell.xib */,
				E3AB054E2179179000B80D74 /* AvatarCollectionViewCellDelegate.swift */,
				E386AE642180F0AB009A8BF7 /* UIImage+blurImage.swift */,
			);
			path = AvatarCell;
			sourceTree = "<group>";
		};
		E3AB053B2178AA3F00B80D74 /* Controllers */ = {
			isa = PBXGroup;
			children = (
				E3AB0556217929E900B80D74 /* delegates */,
				E3AB04D22176072E00B80D74 /* CreateAvatarViewController.swift */,
				E3AB053C2178AA7200B80D74 /* AllAvatarsViewController.swift */,
				E3AB055021791EB500B80D74 /* FaveAvatarsViewController.swift */,
				E3AB0554217929E300B80D74 /* PreviewViewController.swift */,
			);
			path = Controllers;
			sourceTree = "<group>";
		};
		E3AB053E2178E3D000B80D74 /* Core Data Managment */ = {
			isa = PBXGroup;
			children = (
				E3AB05482178F2E200B80D74 /* Models */,
				E3AB053F2178E3F600B80D74 /* AdorableAvatars.xcdatamodeld */,
				E3AB05422178E47300B80D74 /* CoreDataWrapper.swift */,
				E3AB05442178E49600B80D74 /* CoreDataStack.swift */,
			);
			path = "Core Data Managment";
			sourceTree = "<group>";
		};
		E3AB05482178F2E200B80D74 /* Models */ = {
			isa = PBXGroup;
			children = (
				E3AB05492178F2F400B80D74 /* Avatar.swift */,
			);
			path = Models;
			sourceTree = "<group>";
		};
		E3AB0556217929E900B80D74 /* delegates */ = {
			isa = PBXGroup;
			children = (
				E3AB05522179231D00B80D74 /* FavoriteAvatarDelegate.swift */,
				E3AB054C2179060300B80D74 /* CreateAvatarDelegate.swift */,
				E3AB0557217A07F100B80D74 /* AvatarPreviewDelegate.swift */,
			);
			path = delegates;
			sourceTree = "<group>";
		};
		E3B6758C218241AD008DB3F0 /* PropsPicker */ = {
			isa = PBXGroup;
			children = (
				E3B6758D218242B2008DB3F0 /* UIPropPicker.xib */,
				E3B6758F21824343008DB3F0 /* UIPropPicker.swift */,
				E3B67591218244CB008DB3F0 /* UIPropTableViewCell.swift */,
				E3B67592218244CB008DB3F0 /* UIPropTableViewCell.xib */,
			);
			path = PropsPicker;
			sourceTree = "<group>";
		};
		E3B675D3218370C4008DB3F0 /* AdorableMessage */ = {
			isa = PBXGroup;
			children = (
				E3B675D4218370C5008DB3F0 /* Assets.xcassets */,
				E3B675D6218370C5008DB3F0 /* Info.plist */,
			);
			path = AdorableMessage;
			sourceTree = "<group>";
		};
		E3B675DF218370C5008DB3F0 /* Frameworks */ = {
			isa = PBXGroup;
			children = (
				E3B675E0218370C5008DB3F0 /* Messages.framework */,
			);
			name = Frameworks;
			sourceTree = "<group>";
		};
		E3B675E2218370C5008DB3F0 /* AdorableMessage MessagesExtension */ = {
			isa = PBXGroup;
			children = (
				E3B67605218378F3008DB3F0 /* AdorableMessage MessagesExtension.entitlements */,
				E3B675E3218370C5008DB3F0 /* MessagesViewController.swift */,
				E3B675E5218370C5008DB3F0 /* MainInterface.storyboard */,
				E3B675E8218370C6008DB3F0 /* Assets.xcassets */,
				E3B675EA218370C6008DB3F0 /* Info.plist */,
				E3B6760821838201008DB3F0 /* FileManager+getAvatars.swift */,
			);
			path = "AdorableMessage MessagesExtension";
			sourceTree = "<group>";
		};
/* End PBXGroup section */

/* Begin PBXNativeTarget section */
		E386AE34217E5393009A8BF7 /* NotificationService */ = {
			isa = PBXNativeTarget;
			buildConfigurationList = E386AE3D217E5393009A8BF7 /* Build configuration list for PBXNativeTarget "NotificationService" */;
			buildPhases = (
				E386AE31217E5393009A8BF7 /* Sources */,
				E386AE32217E5393009A8BF7 /* Frameworks */,
				E386AE33217E5393009A8BF7 /* Resources */,
			);
			buildRules = (
			);
			dependencies = (
			);
			name = NotificationService;
			productName = NotificationService;
			productReference = E386AE35217E5393009A8BF7 /* NotificationService.appex */;
			productType = "com.apple.product-type.app-extension";
		};
		E3AB04CC2176072E00B80D74 /* AdorableAvatars */ = {
			isa = PBXNativeTarget;
			buildConfigurationList = E3AB04F52176073000B80D74 /* Build configuration list for PBXNativeTarget "AdorableAvatars" */;
			buildPhases = (
				E3AB04C92176072E00B80D74 /* Sources */,
				E3AB04CA2176072E00B80D74 /* Frameworks */,
				E3AB04CB2176072E00B80D74 /* Resources */,
				E386AE40217E5393009A8BF7 /* Embed App Extensions */,
			);
			buildRules = (
			);
			dependencies = (
				E386AE3B217E5393009A8BF7 /* PBXTargetDependency */,
			);
			name = AdorableAvatars;
			productName = AdorableAvatars;
			productReference = E3AB04CD2176072E00B80D74 /* AdorableAvatars.app */;
			productType = "com.apple.product-type.application";
		};
		E3AB04E02176073000B80D74 /* AdorableAvatarsTests */ = {
			isa = PBXNativeTarget;
			buildConfigurationList = E3AB04F82176073000B80D74 /* Build configuration list for PBXNativeTarget "AdorableAvatarsTests" */;
			buildPhases = (
				E3AB04DD2176073000B80D74 /* Sources */,
				E3AB04DE2176073000B80D74 /* Frameworks */,
				E3AB04DF2176073000B80D74 /* Resources */,
			);
			buildRules = (
			);
			dependencies = (
				E3AB04E32176073000B80D74 /* PBXTargetDependency */,
			);
			name = AdorableAvatarsTests;
			productName = AdorableAvatarsTests;
			productReference = E3AB04E12176073000B80D74 /* AdorableAvatarsTests.xctest */;
			productType = "com.apple.product-type.bundle.unit-test";
		};
		E3AB04EB2176073000B80D74 /* AdorableAvatarsUITests */ = {
			isa = PBXNativeTarget;
			buildConfigurationList = E3AB04FB2176073000B80D74 /* Build configuration list for PBXNativeTarget "AdorableAvatarsUITests" */;
			buildPhases = (
				E3AB04E82176073000B80D74 /* Sources */,
				E3AB04E92176073000B80D74 /* Frameworks */,
				E3AB04EA2176073000B80D74 /* Resources */,
			);
			buildRules = (
			);
			dependencies = (
				E3AB04EE2176073000B80D74 /* PBXTargetDependency */,
			);
			name = AdorableAvatarsUITests;
			productName = AdorableAvatarsUITests;
			productReference = E3AB04EC2176073000B80D74 /* AdorableAvatarsUITests.xctest */;
			productType = "com.apple.product-type.bundle.ui-testing";
		};
		E3B675D1218370C4008DB3F0 /* AdorableMessage */ = {
			isa = PBXNativeTarget;
			buildConfigurationList = E3B675EF218370C6008DB3F0 /* Build configuration list for PBXNativeTarget "AdorableMessage" */;
			buildPhases = (
				E3B675D0218370C4008DB3F0 /* Resources */,
				E3B675EE218370C6008DB3F0 /* Embed App Extensions */,
			);
			buildRules = (
			);
			dependencies = (
				E3B675DE218370C5008DB3F0 /* PBXTargetDependency */,
			);
			name = AdorableMessage;
			productName = AdorableMessage;
			productReference = E3B675D2218370C4008DB3F0 /* AdorableMessage.app */;
			productType = "com.apple.product-type.application.messages";
		};
		E3B675DA218370C5008DB3F0 /* AdorableMessage MessagesExtension */ = {
			isa = PBXNativeTarget;
			buildConfigurationList = E3B675EB218370C6008DB3F0 /* Build configuration list for PBXNativeTarget "AdorableMessage MessagesExtension" */;
			buildPhases = (
				E3B675D7218370C5008DB3F0 /* Sources */,
				E3B675D8218370C5008DB3F0 /* Frameworks */,
				E3B675D9218370C5008DB3F0 /* Resources */,
			);
			buildRules = (
			);
			dependencies = (
			);
			name = "AdorableMessage MessagesExtension";
			productName = "AdorableMessage MessagesExtension";
			productReference = E3B675DB218370C5008DB3F0 /* AdorableMessage MessagesExtension.appex */;
			productType = "com.apple.product-type.app-extension.messages";
		};
/* End PBXNativeTarget section */

/* Begin PBXProject section */
		E3AB04C52176072E00B80D74 /* Project object */ = {
			isa = PBXProject;
			attributes = {
				LastSwiftUpdateCheck = 1000;
				LastUpgradeCheck = 1000;
				ORGANIZATIONNAME = "Elias Paulino";
				TargetAttributes = {
					E386AE34217E5393009A8BF7 = {
						CreatedOnToolsVersion = 10.0;
						SystemCapabilities = {
							com.apple.ApplicationGroups.iOS = {
								enabled = 1;
							};
						};
					};
					E3AB04CC2176072E00B80D74 = {
						CreatedOnToolsVersion = 10.0;
						SystemCapabilities = {
							com.apple.ApplicationGroups.iOS = {
								enabled = 1;
							};
							com.apple.BackgroundModes = {
								enabled = 1;
							};
							com.apple.Push = {
								enabled = 1;
							};
						};
					};
					E3AB04E02176073000B80D74 = {
						CreatedOnToolsVersion = 10.0;
						TestTargetID = E3AB04CC2176072E00B80D74;
					};
					E3AB04EB2176073000B80D74 = {
						CreatedOnToolsVersion = 10.0;
						TestTargetID = E3AB04CC2176072E00B80D74;
					};
					E3B675D1218370C4008DB3F0 = {
						CreatedOnToolsVersion = 10.0;
					};
					E3B675DA218370C5008DB3F0 = {
						CreatedOnToolsVersion = 10.0;
						SystemCapabilities = {
							com.apple.ApplicationGroups.iOS = {
								enabled = 1;
							};
						};
					};
				};
			};
			buildConfigurationList = E3AB04C82176072E00B80D74 /* Build configuration list for PBXProject "AdorableAvatars" */;
			compatibilityVersion = "Xcode 9.3";
			developmentRegion = en;
			hasScannedForEncodings = 0;
			knownRegions = (
				en,
				Base,
				"pt-BR",
				"pt-PT",
			);
			mainGroup = E3AB04C42176072E00B80D74;
			productRefGroup = E3AB04CE2176072E00B80D74 /* Products */;
			projectDirPath = "";
			projectRoot = "";
			targets = (
				E3AB04CC2176072E00B80D74 /* AdorableAvatars */,
				E3AB04E02176073000B80D74 /* AdorableAvatarsTests */,
				E3AB04EB2176073000B80D74 /* AdorableAvatarsUITests */,
				E386AE34217E5393009A8BF7 /* NotificationService */,
				E3B675D1218370C4008DB3F0 /* AdorableMessage */,
				E3B675DA218370C5008DB3F0 /* AdorableMessage MessagesExtension */,
			);
		};
/* End PBXProject section */

/* Begin PBXResourcesBuildPhase section */
		E386AE33217E5393009A8BF7 /* Resources */ = {
			isa = PBXResourcesBuildPhase;
			buildActionMask = 2147483647;
			files = (
				E386AE5821807161009A8BF7 /* avatarColors.plist in Resources */,
			);
			runOnlyForDeploymentPostprocessing = 0;
		};
		E3AB04CB2176072E00B80D74 /* Resources */ = {
			isa = PBXResourcesBuildPhase;
			buildActionMask = 2147483647;
			files = (
				E3AB050021760C0000B80D74 /* UIAvatarPicker.xib in Resources */,
				E3AB05282177872D00B80D74 /* UIColorCollectionViewCell.xib in Resources */,
				E348BB942184881700A905F0 /* Localizable.strings in Resources */,
				E3AB0522217783B900B80D74 /* UIColorPicker.xib in Resources */,
				E3AB053A2178A80F00B80D74 /* UIAvatarCollectionViewCell.xib in Resources */,
				E3AB051F2177750500B80D74 /* avatarColors.plist in Resources */,
				E3AB04DB2176073000B80D74 /* LaunchScreen.storyboard in Resources */,
				E3B67594218244CB008DB3F0 /* UIPropTableViewCell.xib in Resources */,
				E3AB04D82176073000B80D74 /* Assets.xcassets in Resources */,
				E3B6758E218242B2008DB3F0 /* UIPropPicker.xib in Resources */,
				E3AB04D62176072E00B80D74 /* Main.storyboard in Resources */,
			);
			runOnlyForDeploymentPostprocessing = 0;
		};
		E3AB04DF2176073000B80D74 /* Resources */ = {
			isa = PBXResourcesBuildPhase;
			buildActionMask = 2147483647;
			files = (
			);
			runOnlyForDeploymentPostprocessing = 0;
		};
		E3AB04EA2176073000B80D74 /* Resources */ = {
			isa = PBXResourcesBuildPhase;
			buildActionMask = 2147483647;
			files = (
			);
			runOnlyForDeploymentPostprocessing = 0;
		};
		E3B675D0218370C4008DB3F0 /* Resources */ = {
			isa = PBXResourcesBuildPhase;
			buildActionMask = 2147483647;
			files = (
				E3B675D5218370C5008DB3F0 /* Assets.xcassets in Resources */,
			);
			runOnlyForDeploymentPostprocessing = 0;
		};
		E3B675D9218370C5008DB3F0 /* Resources */ = {
			isa = PBXResourcesBuildPhase;
			buildActionMask = 2147483647;
			files = (
				E3B675E9218370C6008DB3F0 /* Assets.xcassets in Resources */,
				E3B675E7218370C5008DB3F0 /* MainInterface.storyboard in Resources */,
				E3B676122183F896008DB3F0 /* avatarColors.plist in Resources */,
				E3B675F82183727F008DB3F0 /* UIAvatarPicker.xib in Resources */,
				E3B675F3218371C2008DB3F0 /* UIAvatarCollectionViewCell.xib in Resources */,
			);
			runOnlyForDeploymentPostprocessing = 0;
		};
/* End PBXResourcesBuildPhase section */

/* Begin PBXSourcesBuildPhase section */
		E386AE31217E5393009A8BF7 /* Sources */ = {
			isa = PBXSourcesBuildPhase;
			buildActionMask = 2147483647;
			files = (
				E386AE46217E6386009A8BF7 /* ADWrapper.swift in Sources */,
				E386AE38217E5393009A8BF7 /* NotificationService.swift in Sources */,
				E386AE48217E68CE009A8BF7 /* FileManager+avatarManager.swift in Sources */,
				E386AE53217FDE08009A8BF7 /* UIImage+URL.swift in Sources */,
				E386AE42217E6386009A8BF7 /* ADFaceComponents.swift in Sources */,
				E386AE45217E6386009A8BF7 /* UIColor+hexa.swift in Sources */,
				E386AE43217E6386009A8BF7 /* ADAvatar.swift in Sources */,
				E386AE5921807161009A8BF7 /* UIColor+rgbArray.swift in Sources */,
				E386AE5721807161009A8BF7 /* PlistReader.swift in Sources */,
				E386AE47217E6386009A8BF7 /* ADDelegate.swift in Sources */,
				E386AE44217E6386009A8BF7 /* String+sub.swift in Sources */,
			);
			runOnlyForDeploymentPostprocessing = 0;
		};
		E3AB04C92176072E00B80D74 /* Sources */ = {
			isa = PBXSourcesBuildPhase;
			buildActionMask = 2147483647;
			files = (
				E3AB052E2177A17B00B80D74 /* UIColorPickerDelegate.swift in Sources */,
				E3AB0511217633F700B80D74 /* APAvatarPickerDatasource.swift in Sources */,
				E3AB05132176410D00B80D74 /* APAvatarComponents.swift in Sources */,
				E3AB04D32176072E00B80D74 /* CreateAvatarViewController.swift in Sources */,
				E3AB0505217612BE00B80D74 /* APAvatarPickerDelegate.swift in Sources */,
				E3AB05392178A80F00B80D74 /* UIAvatarCollectionViewCell.swift in Sources */,
				E3AB0558217A07F100B80D74 /* AvatarPreviewDelegate.swift in Sources */,
				E3AB05192176687700B80D74 /* String+sub.swift in Sources */,
				E348BB912184869700A905F0 /* Localizable.swift in Sources */,
				E3AB0517217659F700B80D74 /* ADAvatar.swift in Sources */,
				E386AE5B218096F0009A8BF7 /* PickerColor.swift in Sources */,
				E3AB050221760E1000B80D74 /* UIAvatarPicker.swift in Sources */,
				E386AE6A2181699C009A8BF7 /* UIRadiusSlider.swift in Sources */,
				E3AB05532179231D00B80D74 /* FavoriteAvatarDelegate.swift in Sources */,
				E386AE632180CB1A009A8BF7 /* Array+avatarContainerArray.swift in Sources */,
				E386AE50217FA0C3009A8BF7 /* UIImage+URL.swift in Sources */,
				E3B6758A2182371B008DB3F0 /* UIView+position.swift in Sources */,
				E386AE2C217E351D009A8BF7 /* AlertManagment.swift in Sources */,
				E3AB055121791EB500B80D74 /* FaveAvatarsViewController.swift in Sources */,
				E386AE4E217F629B009A8BF7 /* CategoryID.swift in Sources */,
				E386AE652180F0AB009A8BF7 /* UIImage+blurImage.swift in Sources */,
				E3AB050A21761C2400B80D74 /* ADWrapper.swift in Sources */,
				E386AE612180CA24009A8BF7 /* AvatarContainer.swift in Sources */,
				E3B67593218244CB008DB3F0 /* UIPropTableViewCell.swift in Sources */,
				E3AB052C21779FF000B80D74 /* UIColorPickerDatasource.swift in Sources */,
				E3AB05352177E75A00B80D74 /* FileManager+avatarManager.swift in Sources */,
				E3AB051D2177749B00B80D74 /* PlistReader.swift in Sources */,
				E386AE30217E45D6009A8BF7 /* NotificationManager.swift in Sources */,
				E3AB054F2179179000B80D74 /* AvatarCollectionViewCellDelegate.swift in Sources */,
				E386AE56218070D4009A8BF7 /* UIColor+rgbArray.swift in Sources */,
				E3AB05242177858A00B80D74 /* UIColorPicker.swift in Sources */,
				E3AB054A2178F2F400B80D74 /* Avatar.swift in Sources */,
				E3AB053D2178AA7200B80D74 /* AllAvatarsViewController.swift in Sources */,
				E386AE4C217F6280009A8BF7 /* ActionID.swift in Sources */,
				E3AB04D12176072E00B80D74 /* AppDelegate.swift in Sources */,
				E3B67596218246AE008DB3F0 /* UIColorCollectionViewCell.swift in Sources */,
				E3AB05412178E3F600B80D74 /* AdorableAvatars.xcdatamodeld in Sources */,
				E3AB054D2179060300B80D74 /* CreateAvatarDelegate.swift in Sources */,
				E3AB0555217929E300B80D74 /* PreviewViewController.swift in Sources */,
				E386AE5D21809972009A8BF7 /* Array+pickerColor.swift in Sources */,
				E3AB05302177BD4400B80D74 /* UIColor+hexa.swift in Sources */,
				E3AB05452178E49600B80D74 /* CoreDataStack.swift in Sources */,
				E3AB05432178E47300B80D74 /* CoreDataWrapper.swift in Sources */,
				E3AB05152176457600B80D74 /* APAvatar.swift in Sources */,
				E3B6759021824343008DB3F0 /* UIPropPicker.swift in Sources */,
				E3AB050D217623A400B80D74 /* ADFaceComponents.swift in Sources */,
				E386AE52217FA2AA009A8BF7 /* Array+findByAttachmentIdentifier.swift in Sources */,
				E3AB050F2176310800B80D74 /* ADDelegate.swift in Sources */,
				E386AE672181296B009A8BF7 /* UIBaseZibView.swift in Sources */,
			);
			runOnlyForDeploymentPostprocessing = 0;
		};
		E3AB04DD2176073000B80D74 /* Sources */ = {
			isa = PBXSourcesBuildPhase;
			buildActionMask = 2147483647;
			files = (
				E3AB04E62176073000B80D74 /* AdorableAvatarsTests.swift in Sources */,
			);
			runOnlyForDeploymentPostprocessing = 0;
		};
		E3AB04E82176073000B80D74 /* Sources */ = {
			isa = PBXSourcesBuildPhase;
			buildActionMask = 2147483647;
			files = (
				E3AB04F12176073000B80D74 /* AdorableAvatarsUITests.swift in Sources */,
			);
			runOnlyForDeploymentPostprocessing = 0;
		};
		E3B675D7218370C5008DB3F0 /* Sources */ = {
			isa = PBXSourcesBuildPhase;
			buildActionMask = 2147483647;
			files = (
				E3B6760A21838605008DB3F0 /* String+sub.swift in Sources */,
				E3B67601218372D2008DB3F0 /* CoreDataStack.swift in Sources */,
				E3B675FA2183727F008DB3F0 /* APAvatarPickerDelegate.swift in Sources */,
				E3B6760B2183F7FE008DB3F0 /* ADDelegate.swift in Sources */,
				E3B675FC2183727F008DB3F0 /* APAvatarComponents.swift in Sources */,
				E3B676042183732F008DB3F0 /* UIImage+URL.swift in Sources */,
				E3B675F4218371C2008DB3F0 /* AvatarCollectionViewCellDelegate.swift in Sources */,
				E3B676132183F896008DB3F0 /* UIColor+rgbArray.swift in Sources */,
				E3B676142183FB33008DB3F0 /* AlertManagment.swift in Sources */,
				E3B676102183F88D008DB3F0 /* ADAvatar.swift in Sources */,
				E3B675FB2183727F008DB3F0 /* APAvatarPickerDatasource.swift in Sources */,
				E3B675F2218371C2008DB3F0 /* UIAvatarCollectionViewCell.swift in Sources */,
				E3B67602218372D6008DB3F0 /* Avatar.swift in Sources */,
				E3B675F92183727F008DB3F0 /* UIAvatarPicker.swift in Sources */,
				E3B676112183F896008DB3F0 /* PlistReader.swift in Sources */,
				E3B67600218372D0008DB3F0 /* CoreDataWrapper.swift in Sources */,
				E3B675F721837277008DB3F0 /* Array+avatarContainerArray.swift in Sources */,
				E3B675FE21837283008DB3F0 /* UIBaseZibView.swift in Sources */,
				E3B675F5218371C2008DB3F0 /* UIImage+blurImage.swift in Sources */,
				E3B6760C2183F818008DB3F0 /* ADWrapper.swift in Sources */,
				E3B6760F2183F82B008DB3F0 /* UIColor+hexa.swift in Sources */,
				E3B676032183732F008DB3F0 /* FileManager+avatarManager.swift in Sources */,
				E3B675F621837277008DB3F0 /* AvatarContainer.swift in Sources */,
				E3B675FF218372CD008DB3F0 /* AdorableAvatars.xcdatamodeld in Sources */,
				E3B6760D2183F823008DB3F0 /* ADFaceComponents.swift in Sources */,
				E3B6760921838201008DB3F0 /* FileManager+getAvatars.swift in Sources */,
				E3B675E4218370C5008DB3F0 /* MessagesViewController.swift in Sources */,
				E3B675FD2183727F008DB3F0 /* APAvatar.swift in Sources */,
				E3B6760621837985008DB3F0 /* UIView+position.swift in Sources */,
			);
			runOnlyForDeploymentPostprocessing = 0;
		};
/* End PBXSourcesBuildPhase section */

/* Begin PBXTargetDependency section */
		E386AE3B217E5393009A8BF7 /* PBXTargetDependency */ = {
			isa = PBXTargetDependency;
			target = E386AE34217E5393009A8BF7 /* NotificationService */;
			targetProxy = E386AE3A217E5393009A8BF7 /* PBXContainerItemProxy */;
		};
		E3AB04E32176073000B80D74 /* PBXTargetDependency */ = {
			isa = PBXTargetDependency;
			target = E3AB04CC2176072E00B80D74 /* AdorableAvatars */;
			targetProxy = E3AB04E22176073000B80D74 /* PBXContainerItemProxy */;
		};
		E3AB04EE2176073000B80D74 /* PBXTargetDependency */ = {
			isa = PBXTargetDependency;
			target = E3AB04CC2176072E00B80D74 /* AdorableAvatars */;
			targetProxy = E3AB04ED2176073000B80D74 /* PBXContainerItemProxy */;
		};
		E3B675DE218370C5008DB3F0 /* PBXTargetDependency */ = {
			isa = PBXTargetDependency;
			target = E3B675DA218370C5008DB3F0 /* AdorableMessage MessagesExtension */;
			targetProxy = E3B675DD218370C5008DB3F0 /* PBXContainerItemProxy */;
		};
/* End PBXTargetDependency section */

/* Begin PBXVariantGroup section */
		E348BB962184881700A905F0 /* Localizable.strings */ = {
			isa = PBXVariantGroup;
			children = (
				E348BB952184881700A905F0 /* en */,
				E348BB972184893D00A905F0 /* pt-PT */,
			);
			name = Localizable.strings;
			sourceTree = "<group>";
		};
		E3AB04D42176072E00B80D74 /* Main.storyboard */ = {
			isa = PBXVariantGroup;
			children = (
				E3AB04D52176072E00B80D74 /* Base */,
			);
			name = Main.storyboard;
			sourceTree = "<group>";
		};
		E3AB04D92176073000B80D74 /* LaunchScreen.storyboard */ = {
			isa = PBXVariantGroup;
			children = (
				E3AB04DA2176073000B80D74 /* Base */,
			);
			name = LaunchScreen.storyboard;
			sourceTree = "<group>";
		};
		E3B675E5218370C5008DB3F0 /* MainInterface.storyboard */ = {
			isa = PBXVariantGroup;
			children = (
				E3B675E6218370C5008DB3F0 /* Base */,
			);
			name = MainInterface.storyboard;
			sourceTree = "<group>";
		};
/* End PBXVariantGroup section */

/* Begin XCBuildConfiguration section */
		E386AE3E217E5393009A8BF7 /* Debug */ = {
			isa = XCBuildConfiguration;
			buildSettings = {
				CODE_SIGN_ENTITLEMENTS = NotificationService/NotificationService.entitlements;
				CODE_SIGN_STYLE = Automatic;
				DEVELOPMENT_TEAM = Z8P97P3QB4;
				INFOPLIST_FILE = NotificationService/Info.plist;
				LD_RUNPATH_SEARCH_PATHS = (
					"$(inherited)",
					"@executable_path/Frameworks",
					"@executable_path/../../Frameworks",
				);
				PRODUCT_BUNDLE_IDENTIFIER = paulino.elias.AdorableAvatars.NotificationService;
				PRODUCT_NAME = "$(TARGET_NAME)";
				SKIP_INSTALL = YES;
				SWIFT_VERSION = 4.2;
				TARGETED_DEVICE_FAMILY = "1,2";
			};
			name = Debug;
		};
		E386AE3F217E5393009A8BF7 /* Release */ = {
			isa = XCBuildConfiguration;
			buildSettings = {
				CODE_SIGN_ENTITLEMENTS = NotificationService/NotificationService.entitlements;
				CODE_SIGN_STYLE = Automatic;
				DEVELOPMENT_TEAM = Z8P97P3QB4;
				INFOPLIST_FILE = NotificationService/Info.plist;
				LD_RUNPATH_SEARCH_PATHS = (
					"$(inherited)",
					"@executable_path/Frameworks",
					"@executable_path/../../Frameworks",
				);
				PRODUCT_BUNDLE_IDENTIFIER = paulino.elias.AdorableAvatars.NotificationService;
				PRODUCT_NAME = "$(TARGET_NAME)";
				SKIP_INSTALL = YES;
				SWIFT_VERSION = 4.2;
				TARGETED_DEVICE_FAMILY = "1,2";
			};
			name = Release;
		};
		E3AB04F32176073000B80D74 /* Debug */ = {
			isa = XCBuildConfiguration;
			buildSettings = {
				ALWAYS_SEARCH_USER_PATHS = NO;
				CLANG_ANALYZER_LOCALIZABILITY_NONLOCALIZED = YES;
				CLANG_ANALYZER_NONNULL = YES;
				CLANG_ANALYZER_NUMBER_OBJECT_CONVERSION = YES_AGGRESSIVE;
				CLANG_CXX_LANGUAGE_STANDARD = "gnu++14";
				CLANG_CXX_LIBRARY = "libc++";
				CLANG_ENABLE_MODULES = YES;
				CLANG_ENABLE_OBJC_ARC = YES;
				CLANG_ENABLE_OBJC_WEAK = YES;
				CLANG_WARN_BLOCK_CAPTURE_AUTORELEASING = YES;
				CLANG_WARN_BOOL_CONVERSION = YES;
				CLANG_WARN_COMMA = YES;
				CLANG_WARN_CONSTANT_CONVERSION = YES;
				CLANG_WARN_DEPRECATED_OBJC_IMPLEMENTATIONS = YES;
				CLANG_WARN_DIRECT_OBJC_ISA_USAGE = YES_ERROR;
				CLANG_WARN_DOCUMENTATION_COMMENTS = YES;
				CLANG_WARN_EMPTY_BODY = YES;
				CLANG_WARN_ENUM_CONVERSION = YES;
				CLANG_WARN_INFINITE_RECURSION = YES;
				CLANG_WARN_INT_CONVERSION = YES;
				CLANG_WARN_NON_LITERAL_NULL_CONVERSION = YES;
				CLANG_WARN_OBJC_IMPLICIT_RETAIN_SELF = YES;
				CLANG_WARN_OBJC_LITERAL_CONVERSION = YES;
				CLANG_WARN_OBJC_ROOT_CLASS = YES_ERROR;
				CLANG_WARN_RANGE_LOOP_ANALYSIS = YES;
				CLANG_WARN_STRICT_PROTOTYPES = YES;
				CLANG_WARN_SUSPICIOUS_MOVE = YES;
				CLANG_WARN_UNGUARDED_AVAILABILITY = YES_AGGRESSIVE;
				CLANG_WARN_UNREACHABLE_CODE = YES;
				CLANG_WARN__DUPLICATE_METHOD_MATCH = YES;
				CODE_SIGN_IDENTITY = "iPhone Developer";
				COPY_PHASE_STRIP = NO;
				DEBUG_INFORMATION_FORMAT = dwarf;
				ENABLE_STRICT_OBJC_MSGSEND = YES;
				ENABLE_TESTABILITY = YES;
				GCC_C_LANGUAGE_STANDARD = gnu11;
				GCC_DYNAMIC_NO_PIC = NO;
				GCC_NO_COMMON_BLOCKS = YES;
				GCC_OPTIMIZATION_LEVEL = 0;
				GCC_PREPROCESSOR_DEFINITIONS = (
					"DEBUG=1",
					"$(inherited)",
				);
				GCC_WARN_64_TO_32_BIT_CONVERSION = YES;
				GCC_WARN_ABOUT_RETURN_TYPE = YES_ERROR;
				GCC_WARN_UNDECLARED_SELECTOR = YES;
				GCC_WARN_UNINITIALIZED_AUTOS = YES_AGGRESSIVE;
				GCC_WARN_UNUSED_FUNCTION = YES;
				GCC_WARN_UNUSED_VARIABLE = YES;
				IPHONEOS_DEPLOYMENT_TARGET = 12.0;
				MTL_ENABLE_DEBUG_INFO = INCLUDE_SOURCE;
				MTL_FAST_MATH = YES;
				ONLY_ACTIVE_ARCH = YES;
				SDKROOT = iphoneos;
				SWIFT_ACTIVE_COMPILATION_CONDITIONS = DEBUG;
				SWIFT_OPTIMIZATION_LEVEL = "-Onone";
			};
			name = Debug;
		};
		E3AB04F42176073000B80D74 /* Release */ = {
			isa = XCBuildConfiguration;
			buildSettings = {
				ALWAYS_SEARCH_USER_PATHS = NO;
				CLANG_ANALYZER_LOCALIZABILITY_NONLOCALIZED = YES;
				CLANG_ANALYZER_NONNULL = YES;
				CLANG_ANALYZER_NUMBER_OBJECT_CONVERSION = YES_AGGRESSIVE;
				CLANG_CXX_LANGUAGE_STANDARD = "gnu++14";
				CLANG_CXX_LIBRARY = "libc++";
				CLANG_ENABLE_MODULES = YES;
				CLANG_ENABLE_OBJC_ARC = YES;
				CLANG_ENABLE_OBJC_WEAK = YES;
				CLANG_WARN_BLOCK_CAPTURE_AUTORELEASING = YES;
				CLANG_WARN_BOOL_CONVERSION = YES;
				CLANG_WARN_COMMA = YES;
				CLANG_WARN_CONSTANT_CONVERSION = YES;
				CLANG_WARN_DEPRECATED_OBJC_IMPLEMENTATIONS = YES;
				CLANG_WARN_DIRECT_OBJC_ISA_USAGE = YES_ERROR;
				CLANG_WARN_DOCUMENTATION_COMMENTS = YES;
				CLANG_WARN_EMPTY_BODY = YES;
				CLANG_WARN_ENUM_CONVERSION = YES;
				CLANG_WARN_INFINITE_RECURSION = YES;
				CLANG_WARN_INT_CONVERSION = YES;
				CLANG_WARN_NON_LITERAL_NULL_CONVERSION = YES;
				CLANG_WARN_OBJC_IMPLICIT_RETAIN_SELF = YES;
				CLANG_WARN_OBJC_LITERAL_CONVERSION = YES;
				CLANG_WARN_OBJC_ROOT_CLASS = YES_ERROR;
				CLANG_WARN_RANGE_LOOP_ANALYSIS = YES;
				CLANG_WARN_STRICT_PROTOTYPES = YES;
				CLANG_WARN_SUSPICIOUS_MOVE = YES;
				CLANG_WARN_UNGUARDED_AVAILABILITY = YES_AGGRESSIVE;
				CLANG_WARN_UNREACHABLE_CODE = YES;
				CLANG_WARN__DUPLICATE_METHOD_MATCH = YES;
				CODE_SIGN_IDENTITY = "iPhone Developer";
				COPY_PHASE_STRIP = NO;
				DEBUG_INFORMATION_FORMAT = "dwarf-with-dsym";
				ENABLE_NS_ASSERTIONS = NO;
				ENABLE_STRICT_OBJC_MSGSEND = YES;
				GCC_C_LANGUAGE_STANDARD = gnu11;
				GCC_NO_COMMON_BLOCKS = YES;
				GCC_WARN_64_TO_32_BIT_CONVERSION = YES;
				GCC_WARN_ABOUT_RETURN_TYPE = YES_ERROR;
				GCC_WARN_UNDECLARED_SELECTOR = YES;
				GCC_WARN_UNINITIALIZED_AUTOS = YES_AGGRESSIVE;
				GCC_WARN_UNUSED_FUNCTION = YES;
				GCC_WARN_UNUSED_VARIABLE = YES;
				IPHONEOS_DEPLOYMENT_TARGET = 12.0;
				MTL_ENABLE_DEBUG_INFO = NO;
				MTL_FAST_MATH = YES;
				SDKROOT = iphoneos;
				SWIFT_COMPILATION_MODE = wholemodule;
				SWIFT_OPTIMIZATION_LEVEL = "-O";
				VALIDATE_PRODUCT = YES;
			};
			name = Release;
		};
		E3AB04F62176073000B80D74 /* Debug */ = {
			isa = XCBuildConfiguration;
			buildSettings = {
				ALWAYS_EMBED_SWIFT_STANDARD_LIBRARIES = YES;
				ASSETCATALOG_COMPILER_APPICON_NAME = AppIcon;
				CODE_SIGN_ENTITLEMENTS = AdorableAvatars/AdorableAvatars.entitlements;
				CODE_SIGN_STYLE = Automatic;
				DEVELOPMENT_TEAM = Z8P97P3QB4;
				INFOPLIST_FILE = AdorableAvatars/Info.plist;
				LD_RUNPATH_SEARCH_PATHS = (
					"$(inherited)",
					"@executable_path/Frameworks",
				);
				PRODUCT_BUNDLE_IDENTIFIER = paulino.elias.AdorableAvatars;
				PRODUCT_NAME = "$(TARGET_NAME)";
				SWIFT_VERSION = 4.2;
				TARGETED_DEVICE_FAMILY = "1,2";
			};
			name = Debug;
		};
		E3AB04F72176073000B80D74 /* Release */ = {
			isa = XCBuildConfiguration;
			buildSettings = {
				ALWAYS_EMBED_SWIFT_STANDARD_LIBRARIES = YES;
				ASSETCATALOG_COMPILER_APPICON_NAME = AppIcon;
				CODE_SIGN_ENTITLEMENTS = AdorableAvatars/AdorableAvatars.entitlements;
				CODE_SIGN_STYLE = Automatic;
				DEVELOPMENT_TEAM = Z8P97P3QB4;
				INFOPLIST_FILE = AdorableAvatars/Info.plist;
				LD_RUNPATH_SEARCH_PATHS = (
					"$(inherited)",
					"@executable_path/Frameworks",
				);
				PRODUCT_BUNDLE_IDENTIFIER = paulino.elias.AdorableAvatars;
				PRODUCT_NAME = "$(TARGET_NAME)";
				SWIFT_VERSION = 4.2;
				TARGETED_DEVICE_FAMILY = "1,2";
			};
			name = Release;
		};
		E3AB04F92176073000B80D74 /* Debug */ = {
			isa = XCBuildConfiguration;
			buildSettings = {
				ALWAYS_EMBED_SWIFT_STANDARD_LIBRARIES = YES;
				BUNDLE_LOADER = "$(TEST_HOST)";
				CODE_SIGN_STYLE = Automatic;
				DEVELOPMENT_TEAM = Z8P97P3QB4;
				INFOPLIST_FILE = AdorableAvatarsTests/Info.plist;
				LD_RUNPATH_SEARCH_PATHS = (
					"$(inherited)",
					"@executable_path/Frameworks",
					"@loader_path/Frameworks",
				);
				PRODUCT_BUNDLE_IDENTIFIER = paulino.elias.AdorableAvatarsTests;
				PRODUCT_NAME = "$(TARGET_NAME)";
				SWIFT_VERSION = 4.2;
				TARGETED_DEVICE_FAMILY = "1,2";
				TEST_HOST = "$(BUILT_PRODUCTS_DIR)/AdorableAvatars.app/AdorableAvatars";
			};
			name = Debug;
		};
		E3AB04FA2176073000B80D74 /* Release */ = {
			isa = XCBuildConfiguration;
			buildSettings = {
				ALWAYS_EMBED_SWIFT_STANDARD_LIBRARIES = YES;
				BUNDLE_LOADER = "$(TEST_HOST)";
				CODE_SIGN_STYLE = Automatic;
				DEVELOPMENT_TEAM = Z8P97P3QB4;
				INFOPLIST_FILE = AdorableAvatarsTests/Info.plist;
				LD_RUNPATH_SEARCH_PATHS = (
					"$(inherited)",
					"@executable_path/Frameworks",
					"@loader_path/Frameworks",
				);
				PRODUCT_BUNDLE_IDENTIFIER = paulino.elias.AdorableAvatarsTests;
				PRODUCT_NAME = "$(TARGET_NAME)";
				SWIFT_VERSION = 4.2;
				TARGETED_DEVICE_FAMILY = "1,2";
				TEST_HOST = "$(BUILT_PRODUCTS_DIR)/AdorableAvatars.app/AdorableAvatars";
			};
			name = Release;
		};
		E3AB04FC2176073000B80D74 /* Debug */ = {
			isa = XCBuildConfiguration;
			buildSettings = {
				ALWAYS_EMBED_SWIFT_STANDARD_LIBRARIES = YES;
				CODE_SIGN_STYLE = Automatic;
				DEVELOPMENT_TEAM = Z8P97P3QB4;
				INFOPLIST_FILE = AdorableAvatarsUITests/Info.plist;
				LD_RUNPATH_SEARCH_PATHS = (
					"$(inherited)",
					"@executable_path/Frameworks",
					"@loader_path/Frameworks",
				);
				PRODUCT_BUNDLE_IDENTIFIER = paulino.elias.AdorableAvatarsUITests;
				PRODUCT_NAME = "$(TARGET_NAME)";
				SWIFT_VERSION = 4.2;
				TARGETED_DEVICE_FAMILY = "1,2";
				TEST_TARGET_NAME = AdorableAvatars;
			};
			name = Debug;
		};
		E3AB04FD2176073000B80D74 /* Release */ = {
			isa = XCBuildConfiguration;
			buildSettings = {
				ALWAYS_EMBED_SWIFT_STANDARD_LIBRARIES = YES;
				CODE_SIGN_STYLE = Automatic;
				DEVELOPMENT_TEAM = Z8P97P3QB4;
				INFOPLIST_FILE = AdorableAvatarsUITests/Info.plist;
				LD_RUNPATH_SEARCH_PATHS = (
					"$(inherited)",
					"@executable_path/Frameworks",
					"@loader_path/Frameworks",
				);
				PRODUCT_BUNDLE_IDENTIFIER = paulino.elias.AdorableAvatarsUITests;
				PRODUCT_NAME = "$(TARGET_NAME)";
				SWIFT_VERSION = 4.2;
				TARGETED_DEVICE_FAMILY = "1,2";
				TEST_TARGET_NAME = AdorableAvatars;
			};
			name = Release;
		};
		E3B675EC218370C6008DB3F0 /* Debug */ = {
			isa = XCBuildConfiguration;
			buildSettings = {
				ASSETCATALOG_COMPILER_APPICON_NAME = "iMessage App Icon";
				CODE_SIGN_ENTITLEMENTS = "AdorableMessage MessagesExtension/AdorableMessage MessagesExtension.entitlements";
				CODE_SIGN_STYLE = Automatic;
				DEVELOPMENT_TEAM = Z8P97P3QB4;
				INFOPLIST_FILE = "AdorableMessage MessagesExtension/Info.plist";
				LD_RUNPATH_SEARCH_PATHS = (
					"$(inherited)",
					"@executable_path/Frameworks",
					"@executable_path/../../Frameworks",
				);
				PRODUCT_BUNDLE_IDENTIFIER = paulino.elias.AdorableMessage.MessagesExtension;
				PRODUCT_NAME = "$(TARGET_NAME)";
				SKIP_INSTALL = YES;
				SWIFT_VERSION = 4.2;
				TARGETED_DEVICE_FAMILY = "1,2";
			};
			name = Debug;
		};
		E3B675ED218370C6008DB3F0 /* Release */ = {
			isa = XCBuildConfiguration;
			buildSettings = {
				ASSETCATALOG_COMPILER_APPICON_NAME = "iMessage App Icon";
				CODE_SIGN_ENTITLEMENTS = "AdorableMessage MessagesExtension/AdorableMessage MessagesExtension.entitlements";
				CODE_SIGN_STYLE = Automatic;
				DEVELOPMENT_TEAM = Z8P97P3QB4;
				INFOPLIST_FILE = "AdorableMessage MessagesExtension/Info.plist";
				LD_RUNPATH_SEARCH_PATHS = (
					"$(inherited)",
					"@executable_path/Frameworks",
					"@executable_path/../../Frameworks",
				);
				PRODUCT_BUNDLE_IDENTIFIER = paulino.elias.AdorableMessage.MessagesExtension;
				PRODUCT_NAME = "$(TARGET_NAME)";
				SKIP_INSTALL = YES;
				SWIFT_VERSION = 4.2;
				TARGETED_DEVICE_FAMILY = "1,2";
			};
			name = Release;
		};
		E3B675F0218370C6008DB3F0 /* Debug */ = {
			isa = XCBuildConfiguration;
			buildSettings = {
				ALWAYS_EMBED_SWIFT_STANDARD_LIBRARIES = YES;
				ASSETCATALOG_COMPILER_APPICON_NAME = AppIcon;
				CODE_SIGN_STYLE = Automatic;
				DEVELOPMENT_TEAM = Z8P97P3QB4;
				INFOPLIST_FILE = AdorableMessage/Info.plist;
				PRODUCT_BUNDLE_IDENTIFIER = paulino.elias.AdorableMessage;
				PRODUCT_NAME = "$(TARGET_NAME)";
				SWIFT_VERSION = 4.2;
				TARGETED_DEVICE_FAMILY = "1,2";
			};
			name = Debug;
		};
		E3B675F1218370C6008DB3F0 /* Release */ = {
			isa = XCBuildConfiguration;
			buildSettings = {
				ALWAYS_EMBED_SWIFT_STANDARD_LIBRARIES = YES;
				ASSETCATALOG_COMPILER_APPICON_NAME = AppIcon;
				CODE_SIGN_STYLE = Automatic;
				DEVELOPMENT_TEAM = Z8P97P3QB4;
				INFOPLIST_FILE = AdorableMessage/Info.plist;
				PRODUCT_BUNDLE_IDENTIFIER = paulino.elias.AdorableMessage;
				PRODUCT_NAME = "$(TARGET_NAME)";
				SWIFT_VERSION = 4.2;
				TARGETED_DEVICE_FAMILY = "1,2";
			};
			name = Release;
		};
/* End XCBuildConfiguration section */

/* Begin XCConfigurationList section */
		E386AE3D217E5393009A8BF7 /* Build configuration list for PBXNativeTarget "NotificationService" */ = {
			isa = XCConfigurationList;
			buildConfigurations = (
				E386AE3E217E5393009A8BF7 /* Debug */,
				E386AE3F217E5393009A8BF7 /* Release */,
			);
			defaultConfigurationIsVisible = 0;
			defaultConfigurationName = Release;
		};
		E3AB04C82176072E00B80D74 /* Build configuration list for PBXProject "AdorableAvatars" */ = {
			isa = XCConfigurationList;
			buildConfigurations = (
				E3AB04F32176073000B80D74 /* Debug */,
				E3AB04F42176073000B80D74 /* Release */,
			);
			defaultConfigurationIsVisible = 0;
			defaultConfigurationName = Release;
		};
		E3AB04F52176073000B80D74 /* Build configuration list for PBXNativeTarget "AdorableAvatars" */ = {
			isa = XCConfigurationList;
			buildConfigurations = (
				E3AB04F62176073000B80D74 /* Debug */,
				E3AB04F72176073000B80D74 /* Release */,
			);
			defaultConfigurationIsVisible = 0;
			defaultConfigurationName = Release;
		};
		E3AB04F82176073000B80D74 /* Build configuration list for PBXNativeTarget "AdorableAvatarsTests" */ = {
			isa = XCConfigurationList;
			buildConfigurations = (
				E3AB04F92176073000B80D74 /* Debug */,
				E3AB04FA2176073000B80D74 /* Release */,
			);
			defaultConfigurationIsVisible = 0;
			defaultConfigurationName = Release;
		};
		E3AB04FB2176073000B80D74 /* Build configuration list for PBXNativeTarget "AdorableAvatarsUITests" */ = {
			isa = XCConfigurationList;
			buildConfigurations = (
				E3AB04FC2176073000B80D74 /* Debug */,
				E3AB04FD2176073000B80D74 /* Release */,
			);
			defaultConfigurationIsVisible = 0;
			defaultConfigurationName = Release;
		};
		E3B675EB218370C6008DB3F0 /* Build configuration list for PBXNativeTarget "AdorableMessage MessagesExtension" */ = {
			isa = XCConfigurationList;
			buildConfigurations = (
				E3B675EC218370C6008DB3F0 /* Debug */,
				E3B675ED218370C6008DB3F0 /* Release */,
			);
			defaultConfigurationIsVisible = 0;
			defaultConfigurationName = Release;
		};
		E3B675EF218370C6008DB3F0 /* Build configuration list for PBXNativeTarget "AdorableMessage" */ = {
			isa = XCConfigurationList;
			buildConfigurations = (
				E3B675F0218370C6008DB3F0 /* Debug */,
				E3B675F1218370C6008DB3F0 /* Release */,
			);
			defaultConfigurationIsVisible = 0;
			defaultConfigurationName = Release;
		};
/* End XCConfigurationList section */

/* Begin XCVersionGroup section */
		E3AB053F2178E3F600B80D74 /* AdorableAvatars.xcdatamodeld */ = {
			isa = XCVersionGroup;
			children = (
				E3AB05402178E3F600B80D74 /* AdorableAvatars.xcdatamodel */,
			);
			currentVersion = E3AB05402178E3F600B80D74 /* AdorableAvatars.xcdatamodel */;
			path = AdorableAvatars.xcdatamodeld;
			sourceTree = "<group>";
			versionGroupType = wrapper.xcdatamodel;
		};
/* End XCVersionGroup section */
	};
	rootObject = E3AB04C52176072E00B80D74 /* Project object */;
}
